
Microsoft Visual Studio Solution File, Format Version 12.00
# Visual Studio 14
VisualStudioVersion = 14.0.25420.1
MinimumVisualStudioVersion = 10.0.40219.1
Project("{FAE04EC0-301F-11D3-BF4B-00C04F79EFBC}") = "100.Vita", "1.Framework\Vita.Core\100.Vita.csproj", "{BEB21724-926E-4FD7-B05C-FCDAB9A47159}"
EndProject
Project("{2150E333-8FDC-42A3-9474-1A3956D46DE8}") = "1.Framework", "1.Framework", "{D362FBD5-C0D1-469E-8DB8-A3AD6A06E112}"
EndProject
Project("{FAE04EC0-301F-11D3-BF4B-00C04F79EFBC}") = "120.Vita.Web", "1.Framework\Vita.Web\120.Vita.Web.csproj", "{039CA3F8-DE05-415C-AFD2-0342D12E5983}"
EndProject
Project("{2150E333-8FDC-42A3-9474-1A3956D46DE8}") = "2.Drivers", "2.Drivers", "{BA594148-0C60-4625-8C8B-5165FA4BC596}"
EndProject
Project("{FAE04EC0-301F-11D3-BF4B-00C04F79EFBC}") = "210.Vita.Data.SqlCe", "2.Drivers\Vita.Data.SqlCe\210.Vita.Data.SqlCe.csproj", "{2F58D484-0C2D-4187-A67D-575E37BFEE1E}"
EndProject
Project("{FAE04EC0-301F-11D3-BF4B-00C04F79EFBC}") = "220.Vita.Data.MySql", "2.Drivers\Vita.Data.MySql\220.Vita.Data.MySql.csproj", "{D10D18E4-BCC2-4A68-BC39-9CE5BC843D03}"
EndProject
Project("{FAE04EC0-301F-11D3-BF4B-00C04F79EFBC}") = "230.Vita.Data.Postgres", "2.Drivers\Vita.Data.Postgres\230.Vita.Data.Postgres.csproj", "{FA33BC84-3CDD-4A99-BF53-36373D22C801}"
EndProject
Project("{2150E333-8FDC-42A3-9474-1A3956D46DE8}") = "3.Modules", "3.Modules", "{6EF72608-15C1-4443-9E60-30363D8ECE6B}"
EndProject
Project("{FAE04EC0-301F-11D3-BF4B-00C04F79EFBC}") = "300.Vita.Modules", "3.Modules\Vita.Modules\300.Vita.Modules.csproj", "{5F2AD472-63C6-4AA7-955D-103A7FA69613}"
EndProject
Project("{2150E333-8FDC-42A3-9474-1A3956D46DE8}") = "4.Samples", "4.Samples", "{4662F816-C6F3-480C-AF97-B74ED603387A}"
EndProject
Project("{FAE04EC0-301F-11D3-BF4B-00C04F79EFBC}") = "410.Vita.Samples.BookStore", "4.Samples\Vita.Samples.BooksStore\410.Vita.Samples.BookStore.csproj", "{28FC25D4-B89D-4175-ADB0-E98ED89781A5}"
EndProject
Project("{2150E333-8FDC-42A3-9474-1A3956D46DE8}") = "5.UnitTests", "5.UnitTests", "{00F1A0AB-F2FC-42B6-9DFE-2AF08BC94E09}"
EndProject
Project("{FAE04EC0-301F-11D3-BF4B-00C04F79EFBC}") = "500.Vita.UnitTests.Common", "5.UnitTests\Vita.UnitTests.Common\500.Vita.UnitTests.Common.csproj", "{E314CC83-F221-4058-B5B4-F6F7ACA1E176}"
EndProject
Project("{FAE04EC0-301F-11D3-BF4B-00C04F79EFBC}") = "505.Vita.UnitTests.Basic", "5.UnitTests\Vita.UnitTests.Basic\505.Vita.UnitTests.Basic.csproj", "{30CEA535-8D0C-4484-8235-B821E4089F31}"
EndProject
Project("{FAE04EC0-301F-11D3-BF4B-00C04F79EFBC}") = "510.Vita.UnitTests.Extended", "5.UnitTests\Vita.UnitTests.Extended\510.Vita.UnitTests.Extended.csproj", "{EF0D1782-4AA5-42E8-82AD-4FA9F0746BDE}"
EndProject
Project("{FAE04EC0-301F-11D3-BF4B-00C04F79EFBC}") = "520.Vita.UnitTests.Web", "5.UnitTests\Vita.UnitTests.Web\520.Vita.UnitTests.Web.csproj", "{2764FD5B-C868-4896-BC11-3476C865F739}"
EndProject
Project("{2150E333-8FDC-42A3-9474-1A3956D46DE8}") = "6.Tools", "6.Tools", "{CF302C80-509C-4F4D-A8AC-8A814A5B8E00}"
EndProject
Project("{2150E333-8FDC-42A3-9474-1A3956D46DE8}") = "Solution Items", "Solution Items", "{DADAF747-F125-4D45-9A03-D450DFC56185}"
	ProjectSection(SolutionItems) = preProject
		README.md = README.md
		ReadMe.txt = ReadMe.txt
	EndProjectSection
EndProject
Project("{FAE04EC0-301F-11D3-BF4B-00C04F79EFBC}") = "240.Vita.Data.SQLite", "2.Drivers\Vita.Data.SQLite\240.Vita.Data.SQLite.csproj", "{54D65AB0-433A-4065-89BD-A6868DB93853}"
EndProject
Project("{FAE04EC0-301F-11D3-BF4B-00C04F79EFBC}") = "610.Vita.Tools.ToolLib", "6.Tools\Vita.Tools.ToolLib\610.Vita.Tools.ToolLib.csproj", "{4B39A6BA-6EC6-4E62-ACE2-9A5E3DC77889}"
EndProject
Project("{FAE04EC0-301F-11D3-BF4B-00C04F79EFBC}") = "620.Vita.Tools.Vdbtool", "6.Tools\Vita.Tools.VdbTool\620.Vita.Tools.Vdbtool.csproj", "{E5117FD3-A0FD-45E0-8A19-E5694B5F7497}"
EndProject
Project("{FAE04EC0-301F-11D3-BF4B-00C04F79EFBC}") = "420.Vita.Samples.BookStore.SampleData", "4.Samples\Vita.Samples.BookStore.SampleData\420.Vita.Samples.BookStore.SampleData.csproj", "{22888309-D8F2-49BA-9BE6-3C464200496B}"
EndProject
Project("{FAE04EC0-301F-11D3-BF4B-00C04F79EFBC}") = "430.Vita.Samples.BookStore.UI", "4.Samples\Vita.Samples.BookStore.UI\430.Vita.Samples.BookStore.UI.csproj", "{227632A2-5844-4B6A-8997-FBF2B75095C5}"
EndProject
Project("{FAE04EC0-301F-11D3-BF4B-00C04F79EFBC}") = "440.Vita.Samples.OAuthDemoApp", "4.Samples\Vita.Samples.OAuthDemoApp\440.Vita.Samples.OAuthDemoApp.csproj", "{21799765-38CC-4A06-AC03-3DB2EDE7FF1D}"
EndProject
Global
	GlobalSection(SolutionConfigurationPlatforms) = preSolution
		Debug|Any CPU = Debug|Any CPU
		Release|Any CPU = Release|Any CPU
	EndGlobalSection
	GlobalSection(ProjectConfigurationPlatforms) = postSolution
		{BEB21724-926E-4FD7-B05C-FCDAB9A47159}.Debug|Any CPU.ActiveCfg = Debug|Any CPU
		{BEB21724-926E-4FD7-B05C-FCDAB9A47159}.Debug|Any CPU.Build.0 = Debug|Any CPU
		{BEB21724-926E-4FD7-B05C-FCDAB9A47159}.Release|Any CPU.ActiveCfg = Release|Any CPU
		{BEB21724-926E-4FD7-B05C-FCDAB9A47159}.Release|Any CPU.Build.0 = Release|Any CPU
		{039CA3F8-DE05-415C-AFD2-0342D12E5983}.Debug|Any CPU.ActiveCfg = Debug|Any CPU
		{039CA3F8-DE05-415C-AFD2-0342D12E5983}.Debug|Any CPU.Build.0 = Debug|Any CPU
		{039CA3F8-DE05-415C-AFD2-0342D12E5983}.Release|Any CPU.ActiveCfg = Release|Any CPU
		{039CA3F8-DE05-415C-AFD2-0342D12E5983}.Release|Any CPU.Build.0 = Release|Any CPU
		{2F58D484-0C2D-4187-A67D-575E37BFEE1E}.Debug|Any CPU.ActiveCfg = Debug|Any CPU
		{2F58D484-0C2D-4187-A67D-575E37BFEE1E}.Debug|Any CPU.Build.0 = Debug|Any CPU
		{2F58D484-0C2D-4187-A67D-575E37BFEE1E}.Release|Any CPU.ActiveCfg = Release|Any CPU
		{2F58D484-0C2D-4187-A67D-575E37BFEE1E}.Release|Any CPU.Build.0 = Release|Any CPU
		{D10D18E4-BCC2-4A68-BC39-9CE5BC843D03}.Debug|Any CPU.ActiveCfg = Debug|Any CPU
		{D10D18E4-BCC2-4A68-BC39-9CE5BC843D03}.Debug|Any CPU.Build.0 = Debug|Any CPU
		{D10D18E4-BCC2-4A68-BC39-9CE5BC843D03}.Release|Any CPU.ActiveCfg = Release|Any CPU
		{D10D18E4-BCC2-4A68-BC39-9CE5BC843D03}.Release|Any CPU.Build.0 = Release|Any CPU
		{FA33BC84-3CDD-4A99-BF53-36373D22C801}.Debug|Any CPU.ActiveCfg = Debug|Any CPU
		{FA33BC84-3CDD-4A99-BF53-36373D22C801}.Debug|Any CPU.Build.0 = Debug|Any CPU
		{FA33BC84-3CDD-4A99-BF53-36373D22C801}.Release|Any CPU.ActiveCfg = Release|Any CPU
		{FA33BC84-3CDD-4A99-BF53-36373D22C801}.Release|Any CPU.Build.0 = Release|Any CPU
		{5F2AD472-63C6-4AA7-955D-103A7FA69613}.Debug|Any CPU.ActiveCfg = Debug|Any CPU
		{5F2AD472-63C6-4AA7-955D-103A7FA69613}.Debug|Any CPU.Build.0 = Debug|Any CPU
		{5F2AD472-63C6-4AA7-955D-103A7FA69613}.Release|Any CPU.ActiveCfg = Release|Any CPU
		{5F2AD472-63C6-4AA7-955D-103A7FA69613}.Release|Any CPU.Build.0 = Release|Any CPU
		{28FC25D4-B89D-4175-ADB0-E98ED89781A5}.Debug|Any CPU.ActiveCfg = Debug|Any CPU
		{28FC25D4-B89D-4175-ADB0-E98ED89781A5}.Debug|Any CPU.Build.0 = Debug|Any CPU
		{28FC25D4-B89D-4175-ADB0-E98ED89781A5}.Release|Any CPU.ActiveCfg = Release|Any CPU
		{28FC25D4-B89D-4175-ADB0-E98ED89781A5}.Release|Any CPU.Build.0 = Release|Any CPU
		{E314CC83-F221-4058-B5B4-F6F7ACA1E176}.Debug|Any CPU.ActiveCfg = Debug|Any CPU
		{E314CC83-F221-4058-B5B4-F6F7ACA1E176}.Debug|Any CPU.Build.0 = Debug|Any CPU
		{E314CC83-F221-4058-B5B4-F6F7ACA1E176}.Release|Any CPU.ActiveCfg = Release|Any CPU
		{E314CC83-F221-4058-B5B4-F6F7ACA1E176}.Release|Any CPU.Build.0 = Release|Any CPU
		{30CEA535-8D0C-4484-8235-B821E4089F31}.Debug|Any CPU.ActiveCfg = Debug|Any CPU
		{30CEA535-8D0C-4484-8235-B821E4089F31}.Debug|Any CPU.Build.0 = Debug|Any CPU
		{30CEA535-8D0C-4484-8235-B821E4089F31}.Release|Any CPU.ActiveCfg = Release|Any CPU
		{30CEA535-8D0C-4484-8235-B821E4089F31}.Release|Any CPU.Build.0 = Release|Any CPU
		{EF0D1782-4AA5-42E8-82AD-4FA9F0746BDE}.Debug|Any CPU.ActiveCfg = Debug|Any CPU
		{EF0D1782-4AA5-42E8-82AD-4FA9F0746BDE}.Debug|Any CPU.Build.0 = Debug|Any CPU
		{EF0D1782-4AA5-42E8-82AD-4FA9F0746BDE}.Release|Any CPU.ActiveCfg = Release|Any CPU
		{EF0D1782-4AA5-42E8-82AD-4FA9F0746BDE}.Release|Any CPU.Build.0 = Release|Any CPU
		{2764FD5B-C868-4896-BC11-3476C865F739}.Debug|Any CPU.ActiveCfg = Debug|Any CPU
		{2764FD5B-C868-4896-BC11-3476C865F739}.Debug|Any CPU.Build.0 = Debug|Any CPU
		{2764FD5B-C868-4896-BC11-3476C865F739}.Release|Any CPU.ActiveCfg = Release|Any CPU
		{2764FD5B-C868-4896-BC11-3476C865F739}.Release|Any CPU.Build.0 = Release|Any CPU
		{54D65AB0-433A-4065-89BD-A6868DB93853}.Debug|Any CPU.ActiveCfg = Debug|Any CPU
		{54D65AB0-433A-4065-89BD-A6868DB93853}.Debug|Any CPU.Build.0 = Debug|Any CPU
		{54D65AB0-433A-4065-89BD-A6868DB93853}.Release|Any CPU.ActiveCfg = Release|Any CPU
		{54D65AB0-433A-4065-89BD-A6868DB93853}.Release|Any CPU.Build.0 = Release|Any CPU
		{4B39A6BA-6EC6-4E62-ACE2-9A5E3DC77889}.Debug|Any CPU.ActiveCfg = Debug|Any CPU
		{4B39A6BA-6EC6-4E62-ACE2-9A5E3DC77889}.Debug|Any CPU.Build.0 = Debug|Any CPU
		{4B39A6BA-6EC6-4E62-ACE2-9A5E3DC77889}.Release|Any CPU.ActiveCfg = Release|Any CPU
		{4B39A6BA-6EC6-4E62-ACE2-9A5E3DC77889}.Release|Any CPU.Build.0 = Release|Any CPU
		{E5117FD3-A0FD-45E0-8A19-E5694B5F7497}.Debug|Any CPU.ActiveCfg = Debug|Any CPU
		{E5117FD3-A0FD-45E0-8A19-E5694B5F7497}.Debug|Any CPU.Build.0 = Debug|Any CPU
		{E5117FD3-A0FD-45E0-8A19-E5694B5F7497}.Release|Any CPU.ActiveCfg = Release|Any CPU
		{E5117FD3-A0FD-45E0-8A19-E5694B5F7497}.Release|Any CPU.Build.0 = Release|Any CPU
		{22888309-D8F2-49BA-9BE6-3C464200496B}.Debug|Any CPU.ActiveCfg = Debug|Any CPU
		{22888309-D8F2-49BA-9BE6-3C464200496B}.Debug|Any CPU.Build.0 = Debug|Any CPU
		{22888309-D8F2-49BA-9BE6-3C464200496B}.Release|Any CPU.ActiveCfg = Release|Any CPU
		{22888309-D8F2-49BA-9BE6-3C464200496B}.Release|Any CPU.Build.0 = Release|Any CPU
		{227632A2-5844-4B6A-8997-FBF2B75095C5}.Debug|Any CPU.ActiveCfg = Debug|Any CPU
		{227632A2-5844-4B6A-8997-FBF2B75095C5}.Debug|Any CPU.Build.0 = Debug|Any CPU
		{227632A2-5844-4B6A-8997-FBF2B75095C5}.Release|Any CPU.ActiveCfg = Release|Any CPU
		{227632A2-5844-4B6A-8997-FBF2B75095C5}.Release|Any CPU.Build.0 = Release|Any CPU
		{21799765-38CC-4A06-AC03-3DB2EDE7FF1D}.Debug|Any CPU.ActiveCfg = Debug|Any CPU
		{21799765-38CC-4A06-AC03-3DB2EDE7FF1D}.Debug|Any CPU.Build.0 = Debug|Any CPU
		{21799765-38CC-4A06-AC03-3DB2EDE7FF1D}.Release|Any CPU.ActiveCfg = Release|Any CPU
		{21799765-38CC-4A06-AC03-3DB2EDE7FF1D}.Release|Any CPU.Build.0 = Release|Any CPU
	EndGlobalSection
	GlobalSection(SolutionProperties) = preSolution
		HideSolutionNode = FALSE
	EndGlobalSection
	GlobalSection(NestedProjects) = preSolution
		{BEB21724-926E-4FD7-B05C-FCDAB9A47159} = {D362FBD5-C0D1-469E-8DB8-A3AD6A06E112}
		{039CA3F8-DE05-415C-AFD2-0342D12E5983} = {D362FBD5-C0D1-469E-8DB8-A3AD6A06E112}
		{2F58D484-0C2D-4187-A67D-575E37BFEE1E} = {BA594148-0C60-4625-8C8B-5165FA4BC596}
		{D10D18E4-BCC2-4A68-BC39-9CE5BC843D03} = {BA594148-0C60-4625-8C8B-5165FA4BC596}
		{FA33BC84-3CDD-4A99-BF53-36373D22C801} = {BA594148-0C60-4625-8C8B-5165FA4BC596}
		{5F2AD472-63C6-4AA7-955D-103A7FA69613} = {6EF72608-15C1-4443-9E60-30363D8ECE6B}
		{28FC25D4-B89D-4175-ADB0-E98ED89781A5} = {4662F816-C6F3-480C-AF97-B74ED603387A}
		{E314CC83-F221-4058-B5B4-F6F7ACA1E176} = {00F1A0AB-F2FC-42B6-9DFE-2AF08BC94E09}
		{30CEA535-8D0C-4484-8235-B821E4089F31} = {00F1A0AB-F2FC-42B6-9DFE-2AF08BC94E09}
		{EF0D1782-4AA5-42E8-82AD-4FA9F0746BDE} = {00F1A0AB-F2FC-42B6-9DFE-2AF08BC94E09}
		{2764FD5B-C868-4896-BC11-3476C865F739} = {00F1A0AB-F2FC-42B6-9DFE-2AF08BC94E09}
		{54D65AB0-433A-4065-89BD-A6868DB93853} = {BA594148-0C60-4625-8C8B-5165FA4BC596}
		{4B39A6BA-6EC6-4E62-ACE2-9A5E3DC77889} = {CF302C80-509C-4F4D-A8AC-8A814A5B8E00}
		{E5117FD3-A0FD-45E0-8A19-E5694B5F7497} = {CF302C80-509C-4F4D-A8AC-8A814A5B8E00}
		{22888309-D8F2-49BA-9BE6-3C464200496B} = {4662F816-C6F3-480C-AF97-B74ED603387A}
		{227632A2-5844-4B6A-8997-FBF2B75095C5} = {4662F816-C6F3-480C-AF97-B74ED603387A}
		{21799765-38CC-4A06-AC03-3DB2EDE7FF1D} = {4662F816-C6F3-480C-AF97-B74ED603387A}
	EndGlobalSection
EndGlobal
