
Microsoft Visual Studio Solution File, Format Version 12.00
# Visual Studio 15
VisualStudioVersion = 15.0.27130.2027
MinimumVisualStudioVersion = 10.0.40219.1
Project("{2150E333-8FDC-42A3-9474-1A3956D46DE8}") = "1.Framework", "1.Framework", "{D362FBD5-C0D1-469E-8DB8-A3AD6A06E112}"
EndProject
Project("{2150E333-8FDC-42A3-9474-1A3956D46DE8}") = "2.Drivers", "2.Drivers", "{BA594148-0C60-4625-8C8B-5165FA4BC596}"
EndProject
Project("{2150E333-8FDC-42A3-9474-1A3956D46DE8}") = "3.Modules", "3.Modules", "{6EF72608-15C1-4443-9E60-30363D8ECE6B}"
EndProject
Project("{2150E333-8FDC-42A3-9474-1A3956D46DE8}") = "4.Samples", "4.Samples", "{4662F816-C6F3-480C-AF97-B74ED603387A}"
EndProject
Project("{2150E333-8FDC-42A3-9474-1A3956D46DE8}") = "6.UnitTests", "6.UnitTests", "{00F1A0AB-F2FC-42B6-9DFE-2AF08BC94E09}"
EndProject
Project("{2150E333-8FDC-42A3-9474-1A3956D46DE8}") = "5.Tools", "5.Tools", "{CF302C80-509C-4F4D-A8AC-8A814A5B8E00}"
EndProject
Project("{2150E333-8FDC-42A3-9474-1A3956D46DE8}") = "Solution Items", "Solution Items", "{DADAF747-F125-4D45-9A03-D450DFC56185}"
	ProjectSection(SolutionItems) = preProject
		README.md = README.md
		SourceCodeOverview.txt = SourceCodeOverview.txt
	EndProjectSection
EndProject
Project("{9A19103F-16F7-4668-BE54-9A1E7A4F7556}") = "210.Vita.Data.MsSql", "2.Drivers\Vita.Data.MsSql\210.Vita.Data.MsSql.csproj", "{4925790A-CC55-4C31-8455-CFC50C0ECFA1}"
EndProject
Project("{9A19103F-16F7-4668-BE54-9A1E7A4F7556}") = "220.Vita.Data.MySql", "2.Drivers\Vita.Data.MySql\220.Vita.Data.MySql.csproj", "{E1F84AC8-DBDA-40DF-8249-69CC44338074}"
EndProject
Project("{9A19103F-16F7-4668-BE54-9A1E7A4F7556}") = "230.Vita.Data.Postgres", "2.Drivers\Vita.Data.Postgres\230.Vita.Data.Postgres.csproj", "{F7543722-1588-4D60-9081-03455745B014}"
EndProject
Project("{9A19103F-16F7-4668-BE54-9A1E7A4F7556}") = "420.Vita.Samples.BookStore.SampleData", "4.Samples\Vita.Samples.BookStore.SampleData\420.Vita.Samples.BookStore.SampleData.csproj", "{A40C06CD-F95D-41F8-9067-89617898724B}"
EndProject
Project("{9A19103F-16F7-4668-BE54-9A1E7A4F7556}") = "410.Vita.Samples.BookStore", "4.Samples\Vita.Samples.BookStore\410.Vita.Samples.BookStore.csproj", "{A1E8B9B4-5EFF-468B-81A6-56AA0CAD2F4B}"
EndProject
Project("{9A19103F-16F7-4668-BE54-9A1E7A4F7556}") = "020.Vita.Entities.Emit", "1.Framework\Vita.Entities.Emit\020.Vita.Entities.Emit.csproj", "{38DC3F6F-45F1-4AC1-9444-B3F83B8FDFA0}"
EndProject
Project("{9A19103F-16F7-4668-BE54-9A1E7A4F7556}") = "610.Vita.Testing.BasicTests", "6.UnitTests\Vita.Testing.BasicTests\610.Vita.Testing.BasicTests.csproj", "{DC6A998D-FBE8-4F06-A9B5-B9DA3AD1211C}"
EndProject
Project("{9A19103F-16F7-4668-BE54-9A1E7A4F7556}") = "250.Vita.Data.SQLite", "2.Drivers\Vita.Data.SQLite\250.Vita.Data.SQLite.csproj", "{04ECDD8E-46D9-42D9-BE5C-B6CC54E67B45}"
EndProject
Project("{9A19103F-16F7-4668-BE54-9A1E7A4F7556}") = "320.Vita.Modules.Login", "3.Modules\Vita.Modules.Login\320.Vita.Modules.Login.csproj", "{6615B044-A5F6-4105-926F-E453897CAFFD}"
EndProject
Project("{9A19103F-16F7-4668-BE54-9A1E7A4F7556}") = "620.Vita.Testing.ExtendedTests", "6.UnitTests\Vita.Testing.ExtendedTests\620.Vita.Testing.ExtendedTests.csproj", "{0052C761-941E-4141-9E7C-D7685B387221}"
EndProject
Project("{9A19103F-16F7-4668-BE54-9A1E7A4F7556}") = "090.Vita.Tools", "1.Framework\Vita.Tools\090.Vita.Tools.csproj", "{69BF92A2-DC6D-4F22-9B7B-06C186699CD1}"
EndProject
Project("{9A19103F-16F7-4668-BE54-9A1E7A4F7556}") = "Vita.Tools.VdbTool", "5.Tools\Vita.Tools.VdbTool\Vita.Tools.VdbTool.csproj", "{63B7AFF3-F0C6-480A-96AF-30C26CF24E33}"
EndProject
Project("{9A19103F-16F7-4668-BE54-9A1E7A4F7556}") = "010.Vita", "1.Framework\Vita\010.Vita.csproj", "{6A3D4396-3B14-46BB-AAB5-830BC351271B}"
EndProject
Project("{9A19103F-16F7-4668-BE54-9A1E7A4F7556}") = "260.Vita.Data.Oracle", "2.Drivers\Vita.Data.Oracle\260.Vita.Data.Oracle.csproj", "{1399346F-BEE7-4F8A-AA4C-1031EEBFDABB}"
EndProject
Project("{9A19103F-16F7-4668-BE54-9A1E7A4F7556}") = "030.Vita.Web", "1.Framework\Vita.Web\030.Vita.Web.csproj", "{39E79B0C-B727-41DE-928F-28ECFBCEFA42}"
EndProject
Project("{9A19103F-16F7-4668-BE54-9A1E7A4F7556}") = "430.Vita.Samples.BookStore.Api", "4.Samples\Vita.Samples.BookStore.Api\430.Vita.Samples.BookStore.Api.csproj", "{7B40E192-AA91-4EAB-872B-191AA450DB14}"
EndProject
Project("{9A19103F-16F7-4668-BE54-9A1E7A4F7556}") = "630.Vita.Testing.WebTests", "6.UnitTests\Vita.Testing.WebTests\630.Vita.Testing.WebTests.csproj", "{21E84486-D0D2-4779-BD31-EB5660619D75}"
EndProject
Project("{FAE04EC0-301F-11D3-BF4B-00C04F79EFBC}") = "310.Vita.Modules", "3.Modules\Vita.Modules\310.Vita.Modules.csproj", "{6D4EF4B2-2000-47E9-9E51-AD9DE789813D}"
EndProject
Project("{FAE04EC0-301F-11D3-BF4B-00C04F79EFBC}") = "330.Vita.Modules.Logging", "3.Modules\Vita.Modules.Logging\330.Vita.Modules.Logging.csproj", "{DDFC3EC2-5669-4101-9AF8-4A1E9E84437F}"
EndProject
Project("{FAE04EC0-301F-11D3-BF4B-00C04F79EFBC}") = "Vita.NCron", "3.Modules\Vita.NCron\Vita.NCron.csproj", "{D418F8AC-F3B1-4771-9610-A7665E214168}"
EndProject
Global
	GlobalSection(SolutionConfigurationPlatforms) = preSolution
		Debug|Any CPU = Debug|Any CPU
		Debug|x64 = Debug|x64
		Debug|x86 = Debug|x86
		Release|Any CPU = Release|Any CPU
		Release|x64 = Release|x64
		Release|x86 = Release|x86
	EndGlobalSection
	GlobalSection(ProjectConfigurationPlatforms) = postSolution
		{4925790A-CC55-4C31-8455-CFC50C0ECFA1}.Debug|Any CPU.ActiveCfg = Debug|Any CPU
		{4925790A-CC55-4C31-8455-CFC50C0ECFA1}.Debug|Any CPU.Build.0 = Debug|Any CPU
		{4925790A-CC55-4C31-8455-CFC50C0ECFA1}.Debug|x64.ActiveCfg = Debug|Any CPU
		{4925790A-CC55-4C31-8455-CFC50C0ECFA1}.Debug|x64.Build.0 = Debug|Any CPU
		{4925790A-CC55-4C31-8455-CFC50C0ECFA1}.Debug|x86.ActiveCfg = Debug|Any CPU
		{4925790A-CC55-4C31-8455-CFC50C0ECFA1}.Debug|x86.Build.0 = Debug|Any CPU
		{4925790A-CC55-4C31-8455-CFC50C0ECFA1}.Release|Any CPU.ActiveCfg = Release|Any CPU
		{4925790A-CC55-4C31-8455-CFC50C0ECFA1}.Release|Any CPU.Build.0 = Release|Any CPU
		{4925790A-CC55-4C31-8455-CFC50C0ECFA1}.Release|x64.ActiveCfg = Release|Any CPU
		{4925790A-CC55-4C31-8455-CFC50C0ECFA1}.Release|x64.Build.0 = Release|Any CPU
		{4925790A-CC55-4C31-8455-CFC50C0ECFA1}.Release|x86.ActiveCfg = Release|Any CPU
		{4925790A-CC55-4C31-8455-CFC50C0ECFA1}.Release|x86.Build.0 = Release|Any CPU
		{E1F84AC8-DBDA-40DF-8249-69CC44338074}.Debug|Any CPU.ActiveCfg = Debug|Any CPU
		{E1F84AC8-DBDA-40DF-8249-69CC44338074}.Debug|Any CPU.Build.0 = Debug|Any CPU
		{E1F84AC8-DBDA-40DF-8249-69CC44338074}.Debug|x64.ActiveCfg = Debug|Any CPU
		{E1F84AC8-DBDA-40DF-8249-69CC44338074}.Debug|x64.Build.0 = Debug|Any CPU
		{E1F84AC8-DBDA-40DF-8249-69CC44338074}.Debug|x86.ActiveCfg = Debug|Any CPU
		{E1F84AC8-DBDA-40DF-8249-69CC44338074}.Debug|x86.Build.0 = Debug|Any CPU
		{E1F84AC8-DBDA-40DF-8249-69CC44338074}.Release|Any CPU.ActiveCfg = Release|Any CPU
		{E1F84AC8-DBDA-40DF-8249-69CC44338074}.Release|Any CPU.Build.0 = Release|Any CPU
		{E1F84AC8-DBDA-40DF-8249-69CC44338074}.Release|x64.ActiveCfg = Release|Any CPU
		{E1F84AC8-DBDA-40DF-8249-69CC44338074}.Release|x64.Build.0 = Release|Any CPU
		{E1F84AC8-DBDA-40DF-8249-69CC44338074}.Release|x86.ActiveCfg = Release|Any CPU
		{E1F84AC8-DBDA-40DF-8249-69CC44338074}.Release|x86.Build.0 = Release|Any CPU
		{F7543722-1588-4D60-9081-03455745B014}.Debug|Any CPU.ActiveCfg = Debug|Any CPU
		{F7543722-1588-4D60-9081-03455745B014}.Debug|Any CPU.Build.0 = Debug|Any CPU
		{F7543722-1588-4D60-9081-03455745B014}.Debug|x64.ActiveCfg = Debug|Any CPU
		{F7543722-1588-4D60-9081-03455745B014}.Debug|x64.Build.0 = Debug|Any CPU
		{F7543722-1588-4D60-9081-03455745B014}.Debug|x86.ActiveCfg = Debug|Any CPU
		{F7543722-1588-4D60-9081-03455745B014}.Debug|x86.Build.0 = Debug|Any CPU
		{F7543722-1588-4D60-9081-03455745B014}.Release|Any CPU.ActiveCfg = Release|Any CPU
		{F7543722-1588-4D60-9081-03455745B014}.Release|Any CPU.Build.0 = Release|Any CPU
		{F7543722-1588-4D60-9081-03455745B014}.Release|x64.ActiveCfg = Release|Any CPU
		{F7543722-1588-4D60-9081-03455745B014}.Release|x64.Build.0 = Release|Any CPU
		{F7543722-1588-4D60-9081-03455745B014}.Release|x86.ActiveCfg = Release|Any CPU
		{F7543722-1588-4D60-9081-03455745B014}.Release|x86.Build.0 = Release|Any CPU
		{A40C06CD-F95D-41F8-9067-89617898724B}.Debug|Any CPU.ActiveCfg = Debug|Any CPU
		{A40C06CD-F95D-41F8-9067-89617898724B}.Debug|Any CPU.Build.0 = Debug|Any CPU
		{A40C06CD-F95D-41F8-9067-89617898724B}.Debug|x64.ActiveCfg = Debug|Any CPU
		{A40C06CD-F95D-41F8-9067-89617898724B}.Debug|x64.Build.0 = Debug|Any CPU
		{A40C06CD-F95D-41F8-9067-89617898724B}.Debug|x86.ActiveCfg = Debug|Any CPU
		{A40C06CD-F95D-41F8-9067-89617898724B}.Debug|x86.Build.0 = Debug|Any CPU
		{A40C06CD-F95D-41F8-9067-89617898724B}.Release|Any CPU.ActiveCfg = Release|Any CPU
		{A40C06CD-F95D-41F8-9067-89617898724B}.Release|Any CPU.Build.0 = Release|Any CPU
		{A40C06CD-F95D-41F8-9067-89617898724B}.Release|x64.ActiveCfg = Release|Any CPU
		{A40C06CD-F95D-41F8-9067-89617898724B}.Release|x64.Build.0 = Release|Any CPU
		{A40C06CD-F95D-41F8-9067-89617898724B}.Release|x86.ActiveCfg = Release|Any CPU
		{A40C06CD-F95D-41F8-9067-89617898724B}.Release|x86.Build.0 = Release|Any CPU
		{A1E8B9B4-5EFF-468B-81A6-56AA0CAD2F4B}.Debug|Any CPU.ActiveCfg = Debug|Any CPU
		{A1E8B9B4-5EFF-468B-81A6-56AA0CAD2F4B}.Debug|Any CPU.Build.0 = Debug|Any CPU
		{A1E8B9B4-5EFF-468B-81A6-56AA0CAD2F4B}.Debug|x64.ActiveCfg = Debug|Any CPU
		{A1E8B9B4-5EFF-468B-81A6-56AA0CAD2F4B}.Debug|x64.Build.0 = Debug|Any CPU
		{A1E8B9B4-5EFF-468B-81A6-56AA0CAD2F4B}.Debug|x86.ActiveCfg = Debug|Any CPU
		{A1E8B9B4-5EFF-468B-81A6-56AA0CAD2F4B}.Debug|x86.Build.0 = Debug|Any CPU
		{A1E8B9B4-5EFF-468B-81A6-56AA0CAD2F4B}.Release|Any CPU.ActiveCfg = Release|Any CPU
		{A1E8B9B4-5EFF-468B-81A6-56AA0CAD2F4B}.Release|Any CPU.Build.0 = Release|Any CPU
		{A1E8B9B4-5EFF-468B-81A6-56AA0CAD2F4B}.Release|x64.ActiveCfg = Release|Any CPU
		{A1E8B9B4-5EFF-468B-81A6-56AA0CAD2F4B}.Release|x64.Build.0 = Release|Any CPU
		{A1E8B9B4-5EFF-468B-81A6-56AA0CAD2F4B}.Release|x86.ActiveCfg = Release|Any CPU
		{A1E8B9B4-5EFF-468B-81A6-56AA0CAD2F4B}.Release|x86.Build.0 = Release|Any CPU
		{38DC3F6F-45F1-4AC1-9444-B3F83B8FDFA0}.Debug|Any CPU.ActiveCfg = Debug|Any CPU
		{38DC3F6F-45F1-4AC1-9444-B3F83B8FDFA0}.Debug|Any CPU.Build.0 = Debug|Any CPU
		{38DC3F6F-45F1-4AC1-9444-B3F83B8FDFA0}.Debug|x64.ActiveCfg = Debug|Any CPU
		{38DC3F6F-45F1-4AC1-9444-B3F83B8FDFA0}.Debug|x64.Build.0 = Debug|Any CPU
		{38DC3F6F-45F1-4AC1-9444-B3F83B8FDFA0}.Debug|x86.ActiveCfg = Debug|Any CPU
		{38DC3F6F-45F1-4AC1-9444-B3F83B8FDFA0}.Debug|x86.Build.0 = Debug|Any CPU
		{38DC3F6F-45F1-4AC1-9444-B3F83B8FDFA0}.Release|Any CPU.ActiveCfg = Release|Any CPU
		{38DC3F6F-45F1-4AC1-9444-B3F83B8FDFA0}.Release|Any CPU.Build.0 = Release|Any CPU
		{38DC3F6F-45F1-4AC1-9444-B3F83B8FDFA0}.Release|x64.ActiveCfg = Release|Any CPU
		{38DC3F6F-45F1-4AC1-9444-B3F83B8FDFA0}.Release|x64.Build.0 = Release|Any CPU
		{38DC3F6F-45F1-4AC1-9444-B3F83B8FDFA0}.Release|x86.ActiveCfg = Release|Any CPU
		{38DC3F6F-45F1-4AC1-9444-B3F83B8FDFA0}.Release|x86.Build.0 = Release|Any CPU
		{DC6A998D-FBE8-4F06-A9B5-B9DA3AD1211C}.Debug|Any CPU.ActiveCfg = Debug|Any CPU
		{DC6A998D-FBE8-4F06-A9B5-B9DA3AD1211C}.Debug|Any CPU.Build.0 = Debug|Any CPU
		{DC6A998D-FBE8-4F06-A9B5-B9DA3AD1211C}.Debug|x64.ActiveCfg = Debug|Any CPU
		{DC6A998D-FBE8-4F06-A9B5-B9DA3AD1211C}.Debug|x64.Build.0 = Debug|Any CPU
		{DC6A998D-FBE8-4F06-A9B5-B9DA3AD1211C}.Debug|x86.ActiveCfg = Debug|Any CPU
		{DC6A998D-FBE8-4F06-A9B5-B9DA3AD1211C}.Debug|x86.Build.0 = Debug|Any CPU
		{DC6A998D-FBE8-4F06-A9B5-B9DA3AD1211C}.Release|Any CPU.ActiveCfg = Release|Any CPU
		{DC6A998D-FBE8-4F06-A9B5-B9DA3AD1211C}.Release|Any CPU.Build.0 = Release|Any CPU
		{DC6A998D-FBE8-4F06-A9B5-B9DA3AD1211C}.Release|x64.ActiveCfg = Release|Any CPU
		{DC6A998D-FBE8-4F06-A9B5-B9DA3AD1211C}.Release|x64.Build.0 = Release|Any CPU
		{DC6A998D-FBE8-4F06-A9B5-B9DA3AD1211C}.Release|x86.ActiveCfg = Release|Any CPU
		{DC6A998D-FBE8-4F06-A9B5-B9DA3AD1211C}.Release|x86.Build.0 = Release|Any CPU
		{04ECDD8E-46D9-42D9-BE5C-B6CC54E67B45}.Debug|Any CPU.ActiveCfg = Debug|Any CPU
		{04ECDD8E-46D9-42D9-BE5C-B6CC54E67B45}.Debug|Any CPU.Build.0 = Debug|Any CPU
		{04ECDD8E-46D9-42D9-BE5C-B6CC54E67B45}.Debug|x64.ActiveCfg = Debug|Any CPU
		{04ECDD8E-46D9-42D9-BE5C-B6CC54E67B45}.Debug|x64.Build.0 = Debug|Any CPU
		{04ECDD8E-46D9-42D9-BE5C-B6CC54E67B45}.Debug|x86.ActiveCfg = Debug|Any CPU
		{04ECDD8E-46D9-42D9-BE5C-B6CC54E67B45}.Debug|x86.Build.0 = Debug|Any CPU
		{04ECDD8E-46D9-42D9-BE5C-B6CC54E67B45}.Release|Any CPU.ActiveCfg = Release|Any CPU
		{04ECDD8E-46D9-42D9-BE5C-B6CC54E67B45}.Release|Any CPU.Build.0 = Release|Any CPU
		{04ECDD8E-46D9-42D9-BE5C-B6CC54E67B45}.Release|x64.ActiveCfg = Release|Any CPU
		{04ECDD8E-46D9-42D9-BE5C-B6CC54E67B45}.Release|x64.Build.0 = Release|Any CPU
		{04ECDD8E-46D9-42D9-BE5C-B6CC54E67B45}.Release|x86.ActiveCfg = Release|Any CPU
		{04ECDD8E-46D9-42D9-BE5C-B6CC54E67B45}.Release|x86.Build.0 = Release|Any CPU
		{6615B044-A5F6-4105-926F-E453897CAFFD}.Debug|Any CPU.ActiveCfg = Debug|Any CPU
		{6615B044-A5F6-4105-926F-E453897CAFFD}.Debug|Any CPU.Build.0 = Debug|Any CPU
		{6615B044-A5F6-4105-926F-E453897CAFFD}.Debug|x64.ActiveCfg = Debug|Any CPU
		{6615B044-A5F6-4105-926F-E453897CAFFD}.Debug|x64.Build.0 = Debug|Any CPU
		{6615B044-A5F6-4105-926F-E453897CAFFD}.Debug|x86.ActiveCfg = Debug|Any CPU
		{6615B044-A5F6-4105-926F-E453897CAFFD}.Debug|x86.Build.0 = Debug|Any CPU
		{6615B044-A5F6-4105-926F-E453897CAFFD}.Release|Any CPU.ActiveCfg = Release|Any CPU
		{6615B044-A5F6-4105-926F-E453897CAFFD}.Release|Any CPU.Build.0 = Release|Any CPU
		{6615B044-A5F6-4105-926F-E453897CAFFD}.Release|x64.ActiveCfg = Release|Any CPU
		{6615B044-A5F6-4105-926F-E453897CAFFD}.Release|x64.Build.0 = Release|Any CPU
		{6615B044-A5F6-4105-926F-E453897CAFFD}.Release|x86.ActiveCfg = Release|Any CPU
		{6615B044-A5F6-4105-926F-E453897CAFFD}.Release|x86.Build.0 = Release|Any CPU
		{0052C761-941E-4141-9E7C-D7685B387221}.Debug|Any CPU.ActiveCfg = Debug|Any CPU
		{0052C761-941E-4141-9E7C-D7685B387221}.Debug|Any CPU.Build.0 = Debug|Any CPU
		{0052C761-941E-4141-9E7C-D7685B387221}.Debug|x64.ActiveCfg = Debug|Any CPU
		{0052C761-941E-4141-9E7C-D7685B387221}.Debug|x64.Build.0 = Debug|Any CPU
		{0052C761-941E-4141-9E7C-D7685B387221}.Debug|x86.ActiveCfg = Debug|Any CPU
		{0052C761-941E-4141-9E7C-D7685B387221}.Debug|x86.Build.0 = Debug|Any CPU
		{0052C761-941E-4141-9E7C-D7685B387221}.Release|Any CPU.ActiveCfg = Release|Any CPU
		{0052C761-941E-4141-9E7C-D7685B387221}.Release|Any CPU.Build.0 = Release|Any CPU
		{0052C761-941E-4141-9E7C-D7685B387221}.Release|x64.ActiveCfg = Release|Any CPU
		{0052C761-941E-4141-9E7C-D7685B387221}.Release|x64.Build.0 = Release|Any CPU
		{0052C761-941E-4141-9E7C-D7685B387221}.Release|x86.ActiveCfg = Release|Any CPU
		{0052C761-941E-4141-9E7C-D7685B387221}.Release|x86.Build.0 = Release|Any CPU
		{69BF92A2-DC6D-4F22-9B7B-06C186699CD1}.Debug|Any CPU.ActiveCfg = Debug|Any CPU
		{69BF92A2-DC6D-4F22-9B7B-06C186699CD1}.Debug|Any CPU.Build.0 = Debug|Any CPU
		{69BF92A2-DC6D-4F22-9B7B-06C186699CD1}.Debug|x64.ActiveCfg = Debug|Any CPU
		{69BF92A2-DC6D-4F22-9B7B-06C186699CD1}.Debug|x64.Build.0 = Debug|Any CPU
		{69BF92A2-DC6D-4F22-9B7B-06C186699CD1}.Debug|x86.ActiveCfg = Debug|Any CPU
		{69BF92A2-DC6D-4F22-9B7B-06C186699CD1}.Debug|x86.Build.0 = Debug|Any CPU
		{69BF92A2-DC6D-4F22-9B7B-06C186699CD1}.Release|Any CPU.ActiveCfg = Release|Any CPU
		{69BF92A2-DC6D-4F22-9B7B-06C186699CD1}.Release|Any CPU.Build.0 = Release|Any CPU
		{69BF92A2-DC6D-4F22-9B7B-06C186699CD1}.Release|x64.ActiveCfg = Release|Any CPU
		{69BF92A2-DC6D-4F22-9B7B-06C186699CD1}.Release|x64.Build.0 = Release|Any CPU
		{69BF92A2-DC6D-4F22-9B7B-06C186699CD1}.Release|x86.ActiveCfg = Release|Any CPU
		{69BF92A2-DC6D-4F22-9B7B-06C186699CD1}.Release|x86.Build.0 = Release|Any CPU
		{63B7AFF3-F0C6-480A-96AF-30C26CF24E33}.Debug|Any CPU.ActiveCfg = Debug|Any CPU
		{63B7AFF3-F0C6-480A-96AF-30C26CF24E33}.Debug|Any CPU.Build.0 = Debug|Any CPU
		{63B7AFF3-F0C6-480A-96AF-30C26CF24E33}.Debug|x64.ActiveCfg = Debug|Any CPU
		{63B7AFF3-F0C6-480A-96AF-30C26CF24E33}.Debug|x64.Build.0 = Debug|Any CPU
		{63B7AFF3-F0C6-480A-96AF-30C26CF24E33}.Debug|x86.ActiveCfg = Debug|Any CPU
		{63B7AFF3-F0C6-480A-96AF-30C26CF24E33}.Debug|x86.Build.0 = Debug|Any CPU
		{63B7AFF3-F0C6-480A-96AF-30C26CF24E33}.Release|Any CPU.ActiveCfg = Release|Any CPU
		{63B7AFF3-F0C6-480A-96AF-30C26CF24E33}.Release|Any CPU.Build.0 = Release|Any CPU
		{63B7AFF3-F0C6-480A-96AF-30C26CF24E33}.Release|x64.ActiveCfg = Release|Any CPU
		{63B7AFF3-F0C6-480A-96AF-30C26CF24E33}.Release|x64.Build.0 = Release|Any CPU
		{63B7AFF3-F0C6-480A-96AF-30C26CF24E33}.Release|x86.ActiveCfg = Release|Any CPU
		{63B7AFF3-F0C6-480A-96AF-30C26CF24E33}.Release|x86.Build.0 = Release|Any CPU
		{6A3D4396-3B14-46BB-AAB5-830BC351271B}.Debug|Any CPU.ActiveCfg = Debug|Any CPU
		{6A3D4396-3B14-46BB-AAB5-830BC351271B}.Debug|Any CPU.Build.0 = Debug|Any CPU
		{6A3D4396-3B14-46BB-AAB5-830BC351271B}.Debug|x64.ActiveCfg = Debug|Any CPU
		{6A3D4396-3B14-46BB-AAB5-830BC351271B}.Debug|x64.Build.0 = Debug|Any CPU
		{6A3D4396-3B14-46BB-AAB5-830BC351271B}.Debug|x86.ActiveCfg = Debug|Any CPU
		{6A3D4396-3B14-46BB-AAB5-830BC351271B}.Debug|x86.Build.0 = Debug|Any CPU
		{6A3D4396-3B14-46BB-AAB5-830BC351271B}.Release|Any CPU.ActiveCfg = Release|Any CPU
		{6A3D4396-3B14-46BB-AAB5-830BC351271B}.Release|Any CPU.Build.0 = Release|Any CPU
		{6A3D4396-3B14-46BB-AAB5-830BC351271B}.Release|x64.ActiveCfg = Release|Any CPU
		{6A3D4396-3B14-46BB-AAB5-830BC351271B}.Release|x64.Build.0 = Release|Any CPU
		{6A3D4396-3B14-46BB-AAB5-830BC351271B}.Release|x86.ActiveCfg = Release|Any CPU
		{6A3D4396-3B14-46BB-AAB5-830BC351271B}.Release|x86.Build.0 = Release|Any CPU
		{1399346F-BEE7-4F8A-AA4C-1031EEBFDABB}.Debug|Any CPU.ActiveCfg = Debug|Any CPU
		{1399346F-BEE7-4F8A-AA4C-1031EEBFDABB}.Debug|Any CPU.Build.0 = Debug|Any CPU
		{1399346F-BEE7-4F8A-AA4C-1031EEBFDABB}.Debug|x64.ActiveCfg = Debug|Any CPU
		{1399346F-BEE7-4F8A-AA4C-1031EEBFDABB}.Debug|x64.Build.0 = Debug|Any CPU
		{1399346F-BEE7-4F8A-AA4C-1031EEBFDABB}.Debug|x86.ActiveCfg = Debug|Any CPU
		{1399346F-BEE7-4F8A-AA4C-1031EEBFDABB}.Debug|x86.Build.0 = Debug|Any CPU
		{1399346F-BEE7-4F8A-AA4C-1031EEBFDABB}.Release|Any CPU.ActiveCfg = Release|Any CPU
		{1399346F-BEE7-4F8A-AA4C-1031EEBFDABB}.Release|Any CPU.Build.0 = Release|Any CPU
		{1399346F-BEE7-4F8A-AA4C-1031EEBFDABB}.Release|x64.ActiveCfg = Release|Any CPU
		{1399346F-BEE7-4F8A-AA4C-1031EEBFDABB}.Release|x64.Build.0 = Release|Any CPU
		{1399346F-BEE7-4F8A-AA4C-1031EEBFDABB}.Release|x86.ActiveCfg = Release|Any CPU
		{1399346F-BEE7-4F8A-AA4C-1031EEBFDABB}.Release|x86.Build.0 = Release|Any CPU
		{39E79B0C-B727-41DE-928F-28ECFBCEFA42}.Debug|Any CPU.ActiveCfg = Debug|Any CPU
		{39E79B0C-B727-41DE-928F-28ECFBCEFA42}.Debug|Any CPU.Build.0 = Debug|Any CPU
		{39E79B0C-B727-41DE-928F-28ECFBCEFA42}.Debug|x64.ActiveCfg = Debug|Any CPU
		{39E79B0C-B727-41DE-928F-28ECFBCEFA42}.Debug|x64.Build.0 = Debug|Any CPU
		{39E79B0C-B727-41DE-928F-28ECFBCEFA42}.Debug|x86.ActiveCfg = Debug|Any CPU
		{39E79B0C-B727-41DE-928F-28ECFBCEFA42}.Debug|x86.Build.0 = Debug|Any CPU
		{39E79B0C-B727-41DE-928F-28ECFBCEFA42}.Release|Any CPU.ActiveCfg = Release|Any CPU
		{39E79B0C-B727-41DE-928F-28ECFBCEFA42}.Release|Any CPU.Build.0 = Release|Any CPU
		{39E79B0C-B727-41DE-928F-28ECFBCEFA42}.Release|x64.ActiveCfg = Release|Any CPU
		{39E79B0C-B727-41DE-928F-28ECFBCEFA42}.Release|x64.Build.0 = Release|Any CPU
		{39E79B0C-B727-41DE-928F-28ECFBCEFA42}.Release|x86.ActiveCfg = Release|Any CPU
		{39E79B0C-B727-41DE-928F-28ECFBCEFA42}.Release|x86.Build.0 = Release|Any CPU
		{7B40E192-AA91-4EAB-872B-191AA450DB14}.Debug|Any CPU.ActiveCfg = Debug|Any CPU
		{7B40E192-AA91-4EAB-872B-191AA450DB14}.Debug|Any CPU.Build.0 = Debug|Any CPU
		{7B40E192-AA91-4EAB-872B-191AA450DB14}.Debug|x64.ActiveCfg = Debug|Any CPU
		{7B40E192-AA91-4EAB-872B-191AA450DB14}.Debug|x64.Build.0 = Debug|Any CPU
		{7B40E192-AA91-4EAB-872B-191AA450DB14}.Debug|x86.ActiveCfg = Debug|Any CPU
		{7B40E192-AA91-4EAB-872B-191AA450DB14}.Debug|x86.Build.0 = Debug|Any CPU
		{7B40E192-AA91-4EAB-872B-191AA450DB14}.Release|Any CPU.ActiveCfg = Release|Any CPU
		{7B40E192-AA91-4EAB-872B-191AA450DB14}.Release|Any CPU.Build.0 = Release|Any CPU
		{7B40E192-AA91-4EAB-872B-191AA450DB14}.Release|x64.ActiveCfg = Release|Any CPU
		{7B40E192-AA91-4EAB-872B-191AA450DB14}.Release|x64.Build.0 = Release|Any CPU
		{7B40E192-AA91-4EAB-872B-191AA450DB14}.Release|x86.ActiveCfg = Release|Any CPU
		{7B40E192-AA91-4EAB-872B-191AA450DB14}.Release|x86.Build.0 = Release|Any CPU
		{21E84486-D0D2-4779-BD31-EB5660619D75}.Debug|Any CPU.ActiveCfg = Debug|Any CPU
		{21E84486-D0D2-4779-BD31-EB5660619D75}.Debug|Any CPU.Build.0 = Debug|Any CPU
		{21E84486-D0D2-4779-BD31-EB5660619D75}.Debug|x64.ActiveCfg = Debug|Any CPU
		{21E84486-D0D2-4779-BD31-EB5660619D75}.Debug|x64.Build.0 = Debug|Any CPU
		{21E84486-D0D2-4779-BD31-EB5660619D75}.Debug|x86.ActiveCfg = Debug|Any CPU
		{21E84486-D0D2-4779-BD31-EB5660619D75}.Debug|x86.Build.0 = Debug|Any CPU
		{21E84486-D0D2-4779-BD31-EB5660619D75}.Release|Any CPU.ActiveCfg = Release|Any CPU
		{21E84486-D0D2-4779-BD31-EB5660619D75}.Release|Any CPU.Build.0 = Release|Any CPU
		{21E84486-D0D2-4779-BD31-EB5660619D75}.Release|x64.ActiveCfg = Release|Any CPU
		{21E84486-D0D2-4779-BD31-EB5660619D75}.Release|x64.Build.0 = Release|Any CPU
		{21E84486-D0D2-4779-BD31-EB5660619D75}.Release|x86.ActiveCfg = Release|Any CPU
		{21E84486-D0D2-4779-BD31-EB5660619D75}.Release|x86.Build.0 = Release|Any CPU
		{6D4EF4B2-2000-47E9-9E51-AD9DE789813D}.Debug|Any CPU.ActiveCfg = Debug|Any CPU
		{6D4EF4B2-2000-47E9-9E51-AD9DE789813D}.Debug|Any CPU.Build.0 = Debug|Any CPU
		{6D4EF4B2-2000-47E9-9E51-AD9DE789813D}.Debug|x64.ActiveCfg = Debug|Any CPU
		{6D4EF4B2-2000-47E9-9E51-AD9DE789813D}.Debug|x64.Build.0 = Debug|Any CPU
		{6D4EF4B2-2000-47E9-9E51-AD9DE789813D}.Debug|x86.ActiveCfg = Debug|Any CPU
		{6D4EF4B2-2000-47E9-9E51-AD9DE789813D}.Debug|x86.Build.0 = Debug|Any CPU
		{6D4EF4B2-2000-47E9-9E51-AD9DE789813D}.Release|Any CPU.ActiveCfg = Release|Any CPU
		{6D4EF4B2-2000-47E9-9E51-AD9DE789813D}.Release|Any CPU.Build.0 = Release|Any CPU
		{6D4EF4B2-2000-47E9-9E51-AD9DE789813D}.Release|x64.ActiveCfg = Release|Any CPU
		{6D4EF4B2-2000-47E9-9E51-AD9DE789813D}.Release|x64.Build.0 = Release|Any CPU
		{6D4EF4B2-2000-47E9-9E51-AD9DE789813D}.Release|x86.ActiveCfg = Release|Any CPU
		{6D4EF4B2-2000-47E9-9E51-AD9DE789813D}.Release|x86.Build.0 = Release|Any CPU
		{DDFC3EC2-5669-4101-9AF8-4A1E9E84437F}.Debug|Any CPU.ActiveCfg = Debug|Any CPU
		{DDFC3EC2-5669-4101-9AF8-4A1E9E84437F}.Debug|Any CPU.Build.0 = Debug|Any CPU
		{DDFC3EC2-5669-4101-9AF8-4A1E9E84437F}.Debug|x64.ActiveCfg = Debug|Any CPU
		{DDFC3EC2-5669-4101-9AF8-4A1E9E84437F}.Debug|x64.Build.0 = Debug|Any CPU
		{DDFC3EC2-5669-4101-9AF8-4A1E9E84437F}.Debug|x86.ActiveCfg = Debug|Any CPU
		{DDFC3EC2-5669-4101-9AF8-4A1E9E84437F}.Debug|x86.Build.0 = Debug|Any CPU
		{DDFC3EC2-5669-4101-9AF8-4A1E9E84437F}.Release|Any CPU.ActiveCfg = Release|Any CPU
		{DDFC3EC2-5669-4101-9AF8-4A1E9E84437F}.Release|Any CPU.Build.0 = Release|Any CPU
		{DDFC3EC2-5669-4101-9AF8-4A1E9E84437F}.Release|x64.ActiveCfg = Release|Any CPU
		{DDFC3EC2-5669-4101-9AF8-4A1E9E84437F}.Release|x64.Build.0 = Release|Any CPU
		{DDFC3EC2-5669-4101-9AF8-4A1E9E84437F}.Release|x86.ActiveCfg = Release|Any CPU
		{DDFC3EC2-5669-4101-9AF8-4A1E9E84437F}.Release|x86.Build.0 = Release|Any CPU
		{D418F8AC-F3B1-4771-9610-A7665E214168}.Debug|Any CPU.ActiveCfg = Debug|Any CPU
		{D418F8AC-F3B1-4771-9610-A7665E214168}.Debug|Any CPU.Build.0 = Debug|Any CPU
		{D418F8AC-F3B1-4771-9610-A7665E214168}.Debug|x64.ActiveCfg = Debug|Any CPU
		{D418F8AC-F3B1-4771-9610-A7665E214168}.Debug|x64.Build.0 = Debug|Any CPU
		{D418F8AC-F3B1-4771-9610-A7665E214168}.Debug|x86.ActiveCfg = Debug|Any CPU
		{D418F8AC-F3B1-4771-9610-A7665E214168}.Debug|x86.Build.0 = Debug|Any CPU
		{D418F8AC-F3B1-4771-9610-A7665E214168}.Release|Any CPU.ActiveCfg = Release|Any CPU
		{D418F8AC-F3B1-4771-9610-A7665E214168}.Release|Any CPU.Build.0 = Release|Any CPU
		{D418F8AC-F3B1-4771-9610-A7665E214168}.Release|x64.ActiveCfg = Release|Any CPU
		{D418F8AC-F3B1-4771-9610-A7665E214168}.Release|x64.Build.0 = Release|Any CPU
		{D418F8AC-F3B1-4771-9610-A7665E214168}.Release|x86.ActiveCfg = Release|Any CPU
		{D418F8AC-F3B1-4771-9610-A7665E214168}.Release|x86.Build.0 = Release|Any CPU
	EndGlobalSection
	GlobalSection(SolutionProperties) = preSolution
		HideSolutionNode = FALSE
	EndGlobalSection
	GlobalSection(NestedProjects) = preSolution
		{4925790A-CC55-4C31-8455-CFC50C0ECFA1} = {BA594148-0C60-4625-8C8B-5165FA4BC596}
		{E1F84AC8-DBDA-40DF-8249-69CC44338074} = {BA594148-0C60-4625-8C8B-5165FA4BC596}
		{F7543722-1588-4D60-9081-03455745B014} = {BA594148-0C60-4625-8C8B-5165FA4BC596}
		{A40C06CD-F95D-41F8-9067-89617898724B} = {4662F816-C6F3-480C-AF97-B74ED603387A}
		{A1E8B9B4-5EFF-468B-81A6-56AA0CAD2F4B} = {4662F816-C6F3-480C-AF97-B74ED603387A}
		{38DC3F6F-45F1-4AC1-9444-B3F83B8FDFA0} = {D362FBD5-C0D1-469E-8DB8-A3AD6A06E112}
		{DC6A998D-FBE8-4F06-A9B5-B9DA3AD1211C} = {00F1A0AB-F2FC-42B6-9DFE-2AF08BC94E09}
		{04ECDD8E-46D9-42D9-BE5C-B6CC54E67B45} = {BA594148-0C60-4625-8C8B-5165FA4BC596}
		{6615B044-A5F6-4105-926F-E453897CAFFD} = {6EF72608-15C1-4443-9E60-30363D8ECE6B}
		{0052C761-941E-4141-9E7C-D7685B387221} = {00F1A0AB-F2FC-42B6-9DFE-2AF08BC94E09}
		{69BF92A2-DC6D-4F22-9B7B-06C186699CD1} = {D362FBD5-C0D1-469E-8DB8-A3AD6A06E112}
		{63B7AFF3-F0C6-480A-96AF-30C26CF24E33} = {CF302C80-509C-4F4D-A8AC-8A814A5B8E00}
		{6A3D4396-3B14-46BB-AAB5-830BC351271B} = {D362FBD5-C0D1-469E-8DB8-A3AD6A06E112}
		{1399346F-BEE7-4F8A-AA4C-1031EEBFDABB} = {BA594148-0C60-4625-8C8B-5165FA4BC596}
		{39E79B0C-B727-41DE-928F-28ECFBCEFA42} = {D362FBD5-C0D1-469E-8DB8-A3AD6A06E112}
		{7B40E192-AA91-4EAB-872B-191AA450DB14} = {4662F816-C6F3-480C-AF97-B74ED603387A}
		{21E84486-D0D2-4779-BD31-EB5660619D75} = {00F1A0AB-F2FC-42B6-9DFE-2AF08BC94E09}
		{6D4EF4B2-2000-47E9-9E51-AD9DE789813D} = {6EF72608-15C1-4443-9E60-30363D8ECE6B}
		{DDFC3EC2-5669-4101-9AF8-4A1E9E84437F} = {6EF72608-15C1-4443-9E60-30363D8ECE6B}
		{D418F8AC-F3B1-4771-9610-A7665E214168} = {6EF72608-15C1-4443-9E60-30363D8ECE6B}
	EndGlobalSection
	GlobalSection(ExtensibilityGlobals) = postSolution
		SolutionGuid = {B6E4E3B8-D467-4592-8AF9-AB8E1C5F1F9A}
	EndGlobalSection
EndGlobal
