
Microsoft Visual Studio Solution File, Format Version 12.00
# Visual Studio Version 16
VisualStudioVersion = 16.0.29519.181
MinimumVisualStudioVersion = 10.0.40219.1
Project("{2150E333-8FDC-42A3-9474-1A3956D46DE8}") = "1.Framework", "1.Framework", "{D362FBD5-C0D1-469E-8DB8-A3AD6A06E112}"
EndProject
Project("{2150E333-8FDC-42A3-9474-1A3956D46DE8}") = "2.Drivers", "2.Drivers", "{BA594148-0C60-4625-8C8B-5165FA4BC596}"
EndProject
Project("{2150E333-8FDC-42A3-9474-1A3956D46DE8}") = "3.Modules", "3.Modules", "{6EF72608-15C1-4443-9E60-30363D8ECE6B}"
EndProject
Project("{2150E333-8FDC-42A3-9474-1A3956D46DE8}") = "4.Samples", "4.Samples", "{4662F816-C6F3-480C-AF97-B74ED603387A}"
EndProject
Project("{2150E333-8FDC-42A3-9474-1A3956D46DE8}") = "6.UnitTests", "6.UnitTests", "{00F1A0AB-F2FC-42B6-9DFE-2AF08BC94E09}"
EndProject
Project("{2150E333-8FDC-42A3-9474-1A3956D46DE8}") = "5.Tools", "5.Tools", "{CF302C80-509C-4F4D-A8AC-8A814A5B8E00}"
EndProject
Project("{2150E333-8FDC-42A3-9474-1A3956D46DE8}") = "Solution Items", "Solution Items", "{DADAF747-F125-4D45-9A03-D450DFC56185}"
	ProjectSection(SolutionItems) = preProject
		README.md = README.md
		SourceCodeOverview.txt = SourceCodeOverview.txt
	EndProjectSection
EndProject
Project("{9A19103F-16F7-4668-BE54-9A1E7A4F7556}") = "210.Vita.Data.MsSql", "2.Drivers\Vita.Data.MsSql\210.Vita.Data.MsSql.csproj", "{4925790A-CC55-4C31-8455-CFC50C0ECFA1}"
EndProject
Project("{9A19103F-16F7-4668-BE54-9A1E7A4F7556}") = "220.Vita.Data.MySql", "2.Drivers\Vita.Data.MySql\220.Vita.Data.MySql.csproj", "{E1F84AC8-DBDA-40DF-8249-69CC44338074}"
EndProject
Project("{9A19103F-16F7-4668-BE54-9A1E7A4F7556}") = "230.Vita.Data.Postgres", "2.Drivers\Vita.Data.Postgres\230.Vita.Data.Postgres.csproj", "{F7543722-1588-4D60-9081-03455745B014}"
EndProject
Project("{9A19103F-16F7-4668-BE54-9A1E7A4F7556}") = "610.Vita.Testing.BasicTests", "6.UnitTests\Vita.Testing.BasicTests\610.Vita.Testing.BasicTests.csproj", "{DC6A998D-FBE8-4F06-A9B5-B9DA3AD1211C}"
EndProject
Project("{9A19103F-16F7-4668-BE54-9A1E7A4F7556}") = "250.Vita.Data.SQLite", "2.Drivers\Vita.Data.SQLite\250.Vita.Data.SQLite.csproj", "{04ECDD8E-46D9-42D9-BE5C-B6CC54E67B45}"
EndProject
Project("{9A19103F-16F7-4668-BE54-9A1E7A4F7556}") = "310.Vita.Modules.Login", "3.Modules\Vita.Modules.Login\310.Vita.Modules.Login.csproj", "{6615B044-A5F6-4105-926F-E453897CAFFD}"
EndProject
Project("{9A19103F-16F7-4668-BE54-9A1E7A4F7556}") = "620.Vita.Testing.ExtendedTests", "6.UnitTests\Vita.Testing.ExtendedTests\620.Vita.Testing.ExtendedTests.csproj", "{0052C761-941E-4141-9E7C-D7685B387221}"
EndProject
Project("{9A19103F-16F7-4668-BE54-9A1E7A4F7556}") = "090.Vita.Tools", "1.Framework\Vita.Tools\090.Vita.Tools.csproj", "{69BF92A2-DC6D-4F22-9B7B-06C186699CD1}"
EndProject
Project("{9A19103F-16F7-4668-BE54-9A1E7A4F7556}") = "Vita.Tools.VdbTool", "5.Tools\Vita.Tools.VdbTool\Vita.Tools.VdbTool.csproj", "{63B7AFF3-F0C6-480A-96AF-30C26CF24E33}"
EndProject
Project("{9A19103F-16F7-4668-BE54-9A1E7A4F7556}") = "010.Vita", "1.Framework\Vita\010.Vita.csproj", "{6A3D4396-3B14-46BB-AAB5-830BC351271B}"
EndProject
Project("{9A19103F-16F7-4668-BE54-9A1E7A4F7556}") = "260.Vita.Data.Oracle", "2.Drivers\Vita.Data.Oracle\260.Vita.Data.Oracle.csproj", "{1399346F-BEE7-4F8A-AA4C-1031EEBFDABB}"
EndProject
Project("{9A19103F-16F7-4668-BE54-9A1E7A4F7556}") = "030.Vita.Web", "1.Framework\Vita.Web\030.Vita.Web.csproj", "{39E79B0C-B727-41DE-928F-28ECFBCEFA42}"
EndProject
Project("{9A19103F-16F7-4668-BE54-9A1E7A4F7556}") = "630.Vita.Testing.WebTests", "6.UnitTests\Vita.Testing.WebTests\630.Vita.Testing.WebTests.csproj", "{21E84486-D0D2-4779-BD31-EB5660619D75}"
EndProject
Project("{9A19103F-16F7-4668-BE54-9A1E7A4F7556}") = "320.Vita.Modules.Login.Api", "3.Modules\Vita.Modules.Login.Api\320.Vita.Modules.Login.Api.csproj", "{566C878A-B88D-4950-89EC-E28EC30C0F2C}"
EndProject
Project("{9A19103F-16F7-4668-BE54-9A1E7A4F7556}") = "330.Vita.Modules.Logging", "3.Modules\Vita.Modules.Logging\330.Vita.Modules.Logging.csproj", "{1449653D-3A1F-4D89-BC0E-242AC2817A57}"
EndProject
Project("{9A19103F-16F7-4668-BE54-9A1E7A4F7556}") = "350.Vita.Modules.Legacy", "3.Modules\Vita.Modules.Legacy\350.Vita.Modules.Legacy.csproj", "{35D6B85B-7EFB-4661-8558-E610B300BF4E}"
EndProject
Project("{9A19103F-16F7-4668-BE54-9A1E7A4F7556}") = "410.BookStore", "4.Samples\BookStore\410.BookStore.csproj", "{1B42C40B-31E5-46D5-8D74-6039B332A631}"
EndProject
Project("{9A19103F-16F7-4668-BE54-9A1E7A4F7556}") = "430.BookStore.Api", "4.Samples\BookStore.Api\430.BookStore.Api.csproj", "{C24EA376-DF13-43CE-9631-DE08BCB492B9}"
EndProject
Project("{9A19103F-16F7-4668-BE54-9A1E7A4F7556}") = "420.BookStore.SampleData", "4.Samples\BookStore.SampleData\420.BookStore.SampleData.csproj", "{B2562684-15FE-4D62-9EEB-E25E0CC249CC}"
EndProject
Project("{9A19103F-16F7-4668-BE54-9A1E7A4F7556}") = "450.BookStore.GraphQLServer", "4.Samples\BookStore.GraphQLServer\450.BookStore.GraphQLServer.csproj", "{DEB3CE30-5626-4917-8FD8-9B5574EE6739}"
EndProject
Project("{FAE04EC0-301F-11D3-BF4B-00C04F79EFBC}") = "640.Vita.Testing.GraphQLTests", "6.UnitTests\Vita.Testing.GraphQLTests\640.Vita.Testing.GraphQLTests.csproj", "{40A7A84E-C1F1-4C70-9662-87880E5AC593}"
EndProject
Project("{2150E333-8FDC-42A3-9474-1A3956D46DE8}") = "__tempProjectRefs", "__tempProjectRefs", "{56A1F804-56FD-42CA-8261-96607555EC9E}"
EndProject
Project("{9A19103F-16F7-4668-BE54-9A1E7A4F7556}") = "NGraphQL", "..\..\NGraphQL\src\NGraphQL\NGraphQL.csproj", "{A9E0B1A8-268C-4059-9B15-58744D867BF5}"
EndProject
Project("{9A19103F-16F7-4668-BE54-9A1E7A4F7556}") = "NGraphQL.Server", "..\..\NGraphQL\src\NGraphQL.Server\NGraphQL.Server.csproj", "{E75333CD-A531-4000-9F48-E7F56CD561AE}"
EndProject
Project("{9A19103F-16F7-4668-BE54-9A1E7A4F7556}") = "NGraphQL.Server.AspNetCore", "..\..\NGraphQL\src\NGraphQL.Server.AspNetCore\NGraphQL.Server.AspNetCore.csproj", "{34C436CC-1E47-4C7C-8944-FD9B581B0711}"
EndProject
Global
	GlobalSection(SolutionConfigurationPlatforms) = preSolution
		Debug|Any CPU = Debug|Any CPU
		Debug|x64 = Debug|x64
		Debug|x86 = Debug|x86
		Release|Any CPU = Release|Any CPU
		Release|x64 = Release|x64
		Release|x86 = Release|x86
	EndGlobalSection
	GlobalSection(ProjectConfigurationPlatforms) = postSolution
		{4925790A-CC55-4C31-8455-CFC50C0ECFA1}.Debug|Any CPU.ActiveCfg = Debug|Any CPU
		{4925790A-CC55-4C31-8455-CFC50C0ECFA1}.Debug|Any CPU.Build.0 = Debug|Any CPU
		{4925790A-CC55-4C31-8455-CFC50C0ECFA1}.Debug|x64.ActiveCfg = Debug|Any CPU
		{4925790A-CC55-4C31-8455-CFC50C0ECFA1}.Debug|x64.Build.0 = Debug|Any CPU
		{4925790A-CC55-4C31-8455-CFC50C0ECFA1}.Debug|x86.ActiveCfg = Debug|Any CPU
		{4925790A-CC55-4C31-8455-CFC50C0ECFA1}.Debug|x86.Build.0 = Debug|Any CPU
		{4925790A-CC55-4C31-8455-CFC50C0ECFA1}.Release|Any CPU.ActiveCfg = Release|Any CPU
		{4925790A-CC55-4C31-8455-CFC50C0ECFA1}.Release|Any CPU.Build.0 = Release|Any CPU
		{4925790A-CC55-4C31-8455-CFC50C0ECFA1}.Release|x64.ActiveCfg = Release|Any CPU
		{4925790A-CC55-4C31-8455-CFC50C0ECFA1}.Release|x64.Build.0 = Release|Any CPU
		{4925790A-CC55-4C31-8455-CFC50C0ECFA1}.Release|x86.ActiveCfg = Release|Any CPU
		{4925790A-CC55-4C31-8455-CFC50C0ECFA1}.Release|x86.Build.0 = Release|Any CPU
		{E1F84AC8-DBDA-40DF-8249-69CC44338074}.Debug|Any CPU.ActiveCfg = Debug|Any CPU
		{E1F84AC8-DBDA-40DF-8249-69CC44338074}.Debug|Any CPU.Build.0 = Debug|Any CPU
		{E1F84AC8-DBDA-40DF-8249-69CC44338074}.Debug|x64.ActiveCfg = Debug|Any CPU
		{E1F84AC8-DBDA-40DF-8249-69CC44338074}.Debug|x64.Build.0 = Debug|Any CPU
		{E1F84AC8-DBDA-40DF-8249-69CC44338074}.Debug|x86.ActiveCfg = Debug|Any CPU
		{E1F84AC8-DBDA-40DF-8249-69CC44338074}.Debug|x86.Build.0 = Debug|Any CPU
		{E1F84AC8-DBDA-40DF-8249-69CC44338074}.Release|Any CPU.ActiveCfg = Release|Any CPU
		{E1F84AC8-DBDA-40DF-8249-69CC44338074}.Release|Any CPU.Build.0 = Release|Any CPU
		{E1F84AC8-DBDA-40DF-8249-69CC44338074}.Release|x64.ActiveCfg = Release|Any CPU
		{E1F84AC8-DBDA-40DF-8249-69CC44338074}.Release|x64.Build.0 = Release|Any CPU
		{E1F84AC8-DBDA-40DF-8249-69CC44338074}.Release|x86.ActiveCfg = Release|Any CPU
		{E1F84AC8-DBDA-40DF-8249-69CC44338074}.Release|x86.Build.0 = Release|Any CPU
		{F7543722-1588-4D60-9081-03455745B014}.Debug|Any CPU.ActiveCfg = Debug|Any CPU
		{F7543722-1588-4D60-9081-03455745B014}.Debug|Any CPU.Build.0 = Debug|Any CPU
		{F7543722-1588-4D60-9081-03455745B014}.Debug|x64.ActiveCfg = Debug|Any CPU
		{F7543722-1588-4D60-9081-03455745B014}.Debug|x64.Build.0 = Debug|Any CPU
		{F7543722-1588-4D60-9081-03455745B014}.Debug|x86.ActiveCfg = Debug|Any CPU
		{F7543722-1588-4D60-9081-03455745B014}.Debug|x86.Build.0 = Debug|Any CPU
		{F7543722-1588-4D60-9081-03455745B014}.Release|Any CPU.ActiveCfg = Release|Any CPU
		{F7543722-1588-4D60-9081-03455745B014}.Release|Any CPU.Build.0 = Release|Any CPU
		{F7543722-1588-4D60-9081-03455745B014}.Release|x64.ActiveCfg = Release|Any CPU
		{F7543722-1588-4D60-9081-03455745B014}.Release|x64.Build.0 = Release|Any CPU
		{F7543722-1588-4D60-9081-03455745B014}.Release|x86.ActiveCfg = Release|Any CPU
		{F7543722-1588-4D60-9081-03455745B014}.Release|x86.Build.0 = Release|Any CPU
		{DC6A998D-FBE8-4F06-A9B5-B9DA3AD1211C}.Debug|Any CPU.ActiveCfg = Debug|Any CPU
		{DC6A998D-FBE8-4F06-A9B5-B9DA3AD1211C}.Debug|Any CPU.Build.0 = Debug|Any CPU
		{DC6A998D-FBE8-4F06-A9B5-B9DA3AD1211C}.Debug|x64.ActiveCfg = Debug|Any CPU
		{DC6A998D-FBE8-4F06-A9B5-B9DA3AD1211C}.Debug|x64.Build.0 = Debug|Any CPU
		{DC6A998D-FBE8-4F06-A9B5-B9DA3AD1211C}.Debug|x86.ActiveCfg = Debug|Any CPU
		{DC6A998D-FBE8-4F06-A9B5-B9DA3AD1211C}.Debug|x86.Build.0 = Debug|Any CPU
		{DC6A998D-FBE8-4F06-A9B5-B9DA3AD1211C}.Release|Any CPU.ActiveCfg = Release|Any CPU
		{DC6A998D-FBE8-4F06-A9B5-B9DA3AD1211C}.Release|Any CPU.Build.0 = Release|Any CPU
		{DC6A998D-FBE8-4F06-A9B5-B9DA3AD1211C}.Release|x64.ActiveCfg = Release|Any CPU
		{DC6A998D-FBE8-4F06-A9B5-B9DA3AD1211C}.Release|x64.Build.0 = Release|Any CPU
		{DC6A998D-FBE8-4F06-A9B5-B9DA3AD1211C}.Release|x86.ActiveCfg = Release|Any CPU
		{DC6A998D-FBE8-4F06-A9B5-B9DA3AD1211C}.Release|x86.Build.0 = Release|Any CPU
		{04ECDD8E-46D9-42D9-BE5C-B6CC54E67B45}.Debug|Any CPU.ActiveCfg = Debug|Any CPU
		{04ECDD8E-46D9-42D9-BE5C-B6CC54E67B45}.Debug|Any CPU.Build.0 = Debug|Any CPU
		{04ECDD8E-46D9-42D9-BE5C-B6CC54E67B45}.Debug|x64.ActiveCfg = Debug|Any CPU
		{04ECDD8E-46D9-42D9-BE5C-B6CC54E67B45}.Debug|x64.Build.0 = Debug|Any CPU
		{04ECDD8E-46D9-42D9-BE5C-B6CC54E67B45}.Debug|x86.ActiveCfg = Debug|Any CPU
		{04ECDD8E-46D9-42D9-BE5C-B6CC54E67B45}.Debug|x86.Build.0 = Debug|Any CPU
		{04ECDD8E-46D9-42D9-BE5C-B6CC54E67B45}.Release|Any CPU.ActiveCfg = Release|Any CPU
		{04ECDD8E-46D9-42D9-BE5C-B6CC54E67B45}.Release|Any CPU.Build.0 = Release|Any CPU
		{04ECDD8E-46D9-42D9-BE5C-B6CC54E67B45}.Release|x64.ActiveCfg = Release|Any CPU
		{04ECDD8E-46D9-42D9-BE5C-B6CC54E67B45}.Release|x64.Build.0 = Release|Any CPU
		{04ECDD8E-46D9-42D9-BE5C-B6CC54E67B45}.Release|x86.ActiveCfg = Release|Any CPU
		{04ECDD8E-46D9-42D9-BE5C-B6CC54E67B45}.Release|x86.Build.0 = Release|Any CPU
		{6615B044-A5F6-4105-926F-E453897CAFFD}.Debug|Any CPU.ActiveCfg = Debug|Any CPU
		{6615B044-A5F6-4105-926F-E453897CAFFD}.Debug|Any CPU.Build.0 = Debug|Any CPU
		{6615B044-A5F6-4105-926F-E453897CAFFD}.Debug|x64.ActiveCfg = Debug|Any CPU
		{6615B044-A5F6-4105-926F-E453897CAFFD}.Debug|x64.Build.0 = Debug|Any CPU
		{6615B044-A5F6-4105-926F-E453897CAFFD}.Debug|x86.ActiveCfg = Debug|Any CPU
		{6615B044-A5F6-4105-926F-E453897CAFFD}.Debug|x86.Build.0 = Debug|Any CPU
		{6615B044-A5F6-4105-926F-E453897CAFFD}.Release|Any CPU.ActiveCfg = Release|Any CPU
		{6615B044-A5F6-4105-926F-E453897CAFFD}.Release|Any CPU.Build.0 = Release|Any CPU
		{6615B044-A5F6-4105-926F-E453897CAFFD}.Release|x64.ActiveCfg = Release|Any CPU
		{6615B044-A5F6-4105-926F-E453897CAFFD}.Release|x64.Build.0 = Release|Any CPU
		{6615B044-A5F6-4105-926F-E453897CAFFD}.Release|x86.ActiveCfg = Release|Any CPU
		{6615B044-A5F6-4105-926F-E453897CAFFD}.Release|x86.Build.0 = Release|Any CPU
		{0052C761-941E-4141-9E7C-D7685B387221}.Debug|Any CPU.ActiveCfg = Debug|Any CPU
		{0052C761-941E-4141-9E7C-D7685B387221}.Debug|Any CPU.Build.0 = Debug|Any CPU
		{0052C761-941E-4141-9E7C-D7685B387221}.Debug|x64.ActiveCfg = Debug|Any CPU
		{0052C761-941E-4141-9E7C-D7685B387221}.Debug|x64.Build.0 = Debug|Any CPU
		{0052C761-941E-4141-9E7C-D7685B387221}.Debug|x86.ActiveCfg = Debug|Any CPU
		{0052C761-941E-4141-9E7C-D7685B387221}.Debug|x86.Build.0 = Debug|Any CPU
		{0052C761-941E-4141-9E7C-D7685B387221}.Release|Any CPU.ActiveCfg = Release|Any CPU
		{0052C761-941E-4141-9E7C-D7685B387221}.Release|Any CPU.Build.0 = Release|Any CPU
		{0052C761-941E-4141-9E7C-D7685B387221}.Release|x64.ActiveCfg = Release|Any CPU
		{0052C761-941E-4141-9E7C-D7685B387221}.Release|x64.Build.0 = Release|Any CPU
		{0052C761-941E-4141-9E7C-D7685B387221}.Release|x86.ActiveCfg = Release|Any CPU
		{0052C761-941E-4141-9E7C-D7685B387221}.Release|x86.Build.0 = Release|Any CPU
		{69BF92A2-DC6D-4F22-9B7B-06C186699CD1}.Debug|Any CPU.ActiveCfg = Debug|Any CPU
		{69BF92A2-DC6D-4F22-9B7B-06C186699CD1}.Debug|Any CPU.Build.0 = Debug|Any CPU
		{69BF92A2-DC6D-4F22-9B7B-06C186699CD1}.Debug|x64.ActiveCfg = Debug|Any CPU
		{69BF92A2-DC6D-4F22-9B7B-06C186699CD1}.Debug|x64.Build.0 = Debug|Any CPU
		{69BF92A2-DC6D-4F22-9B7B-06C186699CD1}.Debug|x86.ActiveCfg = Debug|Any CPU
		{69BF92A2-DC6D-4F22-9B7B-06C186699CD1}.Debug|x86.Build.0 = Debug|Any CPU
		{69BF92A2-DC6D-4F22-9B7B-06C186699CD1}.Release|Any CPU.ActiveCfg = Release|Any CPU
		{69BF92A2-DC6D-4F22-9B7B-06C186699CD1}.Release|Any CPU.Build.0 = Release|Any CPU
		{69BF92A2-DC6D-4F22-9B7B-06C186699CD1}.Release|x64.ActiveCfg = Release|Any CPU
		{69BF92A2-DC6D-4F22-9B7B-06C186699CD1}.Release|x64.Build.0 = Release|Any CPU
		{69BF92A2-DC6D-4F22-9B7B-06C186699CD1}.Release|x86.ActiveCfg = Release|Any CPU
		{69BF92A2-DC6D-4F22-9B7B-06C186699CD1}.Release|x86.Build.0 = Release|Any CPU
		{63B7AFF3-F0C6-480A-96AF-30C26CF24E33}.Debug|Any CPU.ActiveCfg = Debug|Any CPU
		{63B7AFF3-F0C6-480A-96AF-30C26CF24E33}.Debug|Any CPU.Build.0 = Debug|Any CPU
		{63B7AFF3-F0C6-480A-96AF-30C26CF24E33}.Debug|x64.ActiveCfg = Debug|Any CPU
		{63B7AFF3-F0C6-480A-96AF-30C26CF24E33}.Debug|x64.Build.0 = Debug|Any CPU
		{63B7AFF3-F0C6-480A-96AF-30C26CF24E33}.Debug|x86.ActiveCfg = Debug|Any CPU
		{63B7AFF3-F0C6-480A-96AF-30C26CF24E33}.Debug|x86.Build.0 = Debug|Any CPU
		{63B7AFF3-F0C6-480A-96AF-30C26CF24E33}.Release|Any CPU.ActiveCfg = Release|Any CPU
		{63B7AFF3-F0C6-480A-96AF-30C26CF24E33}.Release|Any CPU.Build.0 = Release|Any CPU
		{63B7AFF3-F0C6-480A-96AF-30C26CF24E33}.Release|x64.ActiveCfg = Release|Any CPU
		{63B7AFF3-F0C6-480A-96AF-30C26CF24E33}.Release|x64.Build.0 = Release|Any CPU
		{63B7AFF3-F0C6-480A-96AF-30C26CF24E33}.Release|x86.ActiveCfg = Release|Any CPU
		{63B7AFF3-F0C6-480A-96AF-30C26CF24E33}.Release|x86.Build.0 = Release|Any CPU
		{6A3D4396-3B14-46BB-AAB5-830BC351271B}.Debug|Any CPU.ActiveCfg = Debug|Any CPU
		{6A3D4396-3B14-46BB-AAB5-830BC351271B}.Debug|Any CPU.Build.0 = Debug|Any CPU
		{6A3D4396-3B14-46BB-AAB5-830BC351271B}.Debug|x64.ActiveCfg = Debug|Any CPU
		{6A3D4396-3B14-46BB-AAB5-830BC351271B}.Debug|x64.Build.0 = Debug|Any CPU
		{6A3D4396-3B14-46BB-AAB5-830BC351271B}.Debug|x86.ActiveCfg = Debug|Any CPU
		{6A3D4396-3B14-46BB-AAB5-830BC351271B}.Debug|x86.Build.0 = Debug|Any CPU
		{6A3D4396-3B14-46BB-AAB5-830BC351271B}.Release|Any CPU.ActiveCfg = Release|Any CPU
		{6A3D4396-3B14-46BB-AAB5-830BC351271B}.Release|Any CPU.Build.0 = Release|Any CPU
		{6A3D4396-3B14-46BB-AAB5-830BC351271B}.Release|x64.ActiveCfg = Release|Any CPU
		{6A3D4396-3B14-46BB-AAB5-830BC351271B}.Release|x64.Build.0 = Release|Any CPU
		{6A3D4396-3B14-46BB-AAB5-830BC351271B}.Release|x86.ActiveCfg = Release|Any CPU
		{6A3D4396-3B14-46BB-AAB5-830BC351271B}.Release|x86.Build.0 = Release|Any CPU
		{1399346F-BEE7-4F8A-AA4C-1031EEBFDABB}.Debug|Any CPU.ActiveCfg = Debug|Any CPU
		{1399346F-BEE7-4F8A-AA4C-1031EEBFDABB}.Debug|Any CPU.Build.0 = Debug|Any CPU
		{1399346F-BEE7-4F8A-AA4C-1031EEBFDABB}.Debug|x64.ActiveCfg = Debug|Any CPU
		{1399346F-BEE7-4F8A-AA4C-1031EEBFDABB}.Debug|x64.Build.0 = Debug|Any CPU
		{1399346F-BEE7-4F8A-AA4C-1031EEBFDABB}.Debug|x86.ActiveCfg = Debug|Any CPU
		{1399346F-BEE7-4F8A-AA4C-1031EEBFDABB}.Debug|x86.Build.0 = Debug|Any CPU
		{1399346F-BEE7-4F8A-AA4C-1031EEBFDABB}.Release|Any CPU.ActiveCfg = Release|Any CPU
		{1399346F-BEE7-4F8A-AA4C-1031EEBFDABB}.Release|Any CPU.Build.0 = Release|Any CPU
		{1399346F-BEE7-4F8A-AA4C-1031EEBFDABB}.Release|x64.ActiveCfg = Release|Any CPU
		{1399346F-BEE7-4F8A-AA4C-1031EEBFDABB}.Release|x64.Build.0 = Release|Any CPU
		{1399346F-BEE7-4F8A-AA4C-1031EEBFDABB}.Release|x86.ActiveCfg = Release|Any CPU
		{1399346F-BEE7-4F8A-AA4C-1031EEBFDABB}.Release|x86.Build.0 = Release|Any CPU
		{39E79B0C-B727-41DE-928F-28ECFBCEFA42}.Debug|Any CPU.ActiveCfg = Debug|Any CPU
		{39E79B0C-B727-41DE-928F-28ECFBCEFA42}.Debug|Any CPU.Build.0 = Debug|Any CPU
		{39E79B0C-B727-41DE-928F-28ECFBCEFA42}.Debug|x64.ActiveCfg = Debug|Any CPU
		{39E79B0C-B727-41DE-928F-28ECFBCEFA42}.Debug|x64.Build.0 = Debug|Any CPU
		{39E79B0C-B727-41DE-928F-28ECFBCEFA42}.Debug|x86.ActiveCfg = Debug|Any CPU
		{39E79B0C-B727-41DE-928F-28ECFBCEFA42}.Debug|x86.Build.0 = Debug|Any CPU
		{39E79B0C-B727-41DE-928F-28ECFBCEFA42}.Release|Any CPU.ActiveCfg = Release|Any CPU
		{39E79B0C-B727-41DE-928F-28ECFBCEFA42}.Release|Any CPU.Build.0 = Release|Any CPU
		{39E79B0C-B727-41DE-928F-28ECFBCEFA42}.Release|x64.ActiveCfg = Release|Any CPU
		{39E79B0C-B727-41DE-928F-28ECFBCEFA42}.Release|x64.Build.0 = Release|Any CPU
		{39E79B0C-B727-41DE-928F-28ECFBCEFA42}.Release|x86.ActiveCfg = Release|Any CPU
		{39E79B0C-B727-41DE-928F-28ECFBCEFA42}.Release|x86.Build.0 = Release|Any CPU
		{21E84486-D0D2-4779-BD31-EB5660619D75}.Debug|Any CPU.ActiveCfg = Debug|Any CPU
		{21E84486-D0D2-4779-BD31-EB5660619D75}.Debug|Any CPU.Build.0 = Debug|Any CPU
		{21E84486-D0D2-4779-BD31-EB5660619D75}.Debug|x64.ActiveCfg = Debug|Any CPU
		{21E84486-D0D2-4779-BD31-EB5660619D75}.Debug|x64.Build.0 = Debug|Any CPU
		{21E84486-D0D2-4779-BD31-EB5660619D75}.Debug|x86.ActiveCfg = Debug|Any CPU
		{21E84486-D0D2-4779-BD31-EB5660619D75}.Debug|x86.Build.0 = Debug|Any CPU
		{21E84486-D0D2-4779-BD31-EB5660619D75}.Release|Any CPU.ActiveCfg = Release|Any CPU
		{21E84486-D0D2-4779-BD31-EB5660619D75}.Release|Any CPU.Build.0 = Release|Any CPU
		{21E84486-D0D2-4779-BD31-EB5660619D75}.Release|x64.ActiveCfg = Release|Any CPU
		{21E84486-D0D2-4779-BD31-EB5660619D75}.Release|x64.Build.0 = Release|Any CPU
		{21E84486-D0D2-4779-BD31-EB5660619D75}.Release|x86.ActiveCfg = Release|Any CPU
		{21E84486-D0D2-4779-BD31-EB5660619D75}.Release|x86.Build.0 = Release|Any CPU
		{566C878A-B88D-4950-89EC-E28EC30C0F2C}.Debug|Any CPU.ActiveCfg = Debug|Any CPU
		{566C878A-B88D-4950-89EC-E28EC30C0F2C}.Debug|Any CPU.Build.0 = Debug|Any CPU
		{566C878A-B88D-4950-89EC-E28EC30C0F2C}.Debug|x64.ActiveCfg = Debug|Any CPU
		{566C878A-B88D-4950-89EC-E28EC30C0F2C}.Debug|x64.Build.0 = Debug|Any CPU
		{566C878A-B88D-4950-89EC-E28EC30C0F2C}.Debug|x86.ActiveCfg = Debug|Any CPU
		{566C878A-B88D-4950-89EC-E28EC30C0F2C}.Debug|x86.Build.0 = Debug|Any CPU
		{566C878A-B88D-4950-89EC-E28EC30C0F2C}.Release|Any CPU.ActiveCfg = Release|Any CPU
		{566C878A-B88D-4950-89EC-E28EC30C0F2C}.Release|Any CPU.Build.0 = Release|Any CPU
		{566C878A-B88D-4950-89EC-E28EC30C0F2C}.Release|x64.ActiveCfg = Release|Any CPU
		{566C878A-B88D-4950-89EC-E28EC30C0F2C}.Release|x64.Build.0 = Release|Any CPU
		{566C878A-B88D-4950-89EC-E28EC30C0F2C}.Release|x86.ActiveCfg = Release|Any CPU
		{566C878A-B88D-4950-89EC-E28EC30C0F2C}.Release|x86.Build.0 = Release|Any CPU
		{1449653D-3A1F-4D89-BC0E-242AC2817A57}.Debug|Any CPU.ActiveCfg = Debug|Any CPU
		{1449653D-3A1F-4D89-BC0E-242AC2817A57}.Debug|Any CPU.Build.0 = Debug|Any CPU
		{1449653D-3A1F-4D89-BC0E-242AC2817A57}.Debug|x64.ActiveCfg = Debug|Any CPU
		{1449653D-3A1F-4D89-BC0E-242AC2817A57}.Debug|x64.Build.0 = Debug|Any CPU
		{1449653D-3A1F-4D89-BC0E-242AC2817A57}.Debug|x86.ActiveCfg = Debug|Any CPU
		{1449653D-3A1F-4D89-BC0E-242AC2817A57}.Debug|x86.Build.0 = Debug|Any CPU
		{1449653D-3A1F-4D89-BC0E-242AC2817A57}.Release|Any CPU.ActiveCfg = Release|Any CPU
		{1449653D-3A1F-4D89-BC0E-242AC2817A57}.Release|Any CPU.Build.0 = Release|Any CPU
		{1449653D-3A1F-4D89-BC0E-242AC2817A57}.Release|x64.ActiveCfg = Release|Any CPU
		{1449653D-3A1F-4D89-BC0E-242AC2817A57}.Release|x64.Build.0 = Release|Any CPU
		{1449653D-3A1F-4D89-BC0E-242AC2817A57}.Release|x86.ActiveCfg = Release|Any CPU
		{1449653D-3A1F-4D89-BC0E-242AC2817A57}.Release|x86.Build.0 = Release|Any CPU
		{35D6B85B-7EFB-4661-8558-E610B300BF4E}.Debug|Any CPU.ActiveCfg = Debug|Any CPU
		{35D6B85B-7EFB-4661-8558-E610B300BF4E}.Debug|Any CPU.Build.0 = Debug|Any CPU
		{35D6B85B-7EFB-4661-8558-E610B300BF4E}.Debug|x64.ActiveCfg = Debug|Any CPU
		{35D6B85B-7EFB-4661-8558-E610B300BF4E}.Debug|x64.Build.0 = Debug|Any CPU
		{35D6B85B-7EFB-4661-8558-E610B300BF4E}.Debug|x86.ActiveCfg = Debug|Any CPU
		{35D6B85B-7EFB-4661-8558-E610B300BF4E}.Debug|x86.Build.0 = Debug|Any CPU
		{35D6B85B-7EFB-4661-8558-E610B300BF4E}.Release|Any CPU.ActiveCfg = Release|Any CPU
		{35D6B85B-7EFB-4661-8558-E610B300BF4E}.Release|Any CPU.Build.0 = Release|Any CPU
		{35D6B85B-7EFB-4661-8558-E610B300BF4E}.Release|x64.ActiveCfg = Release|Any CPU
		{35D6B85B-7EFB-4661-8558-E610B300BF4E}.Release|x64.Build.0 = Release|Any CPU
		{35D6B85B-7EFB-4661-8558-E610B300BF4E}.Release|x86.ActiveCfg = Release|Any CPU
		{35D6B85B-7EFB-4661-8558-E610B300BF4E}.Release|x86.Build.0 = Release|Any CPU
		{1B42C40B-31E5-46D5-8D74-6039B332A631}.Debug|Any CPU.ActiveCfg = Debug|Any CPU
		{1B42C40B-31E5-46D5-8D74-6039B332A631}.Debug|Any CPU.Build.0 = Debug|Any CPU
		{1B42C40B-31E5-46D5-8D74-6039B332A631}.Debug|x64.ActiveCfg = Debug|Any CPU
		{1B42C40B-31E5-46D5-8D74-6039B332A631}.Debug|x64.Build.0 = Debug|Any CPU
		{1B42C40B-31E5-46D5-8D74-6039B332A631}.Debug|x86.ActiveCfg = Debug|Any CPU
		{1B42C40B-31E5-46D5-8D74-6039B332A631}.Debug|x86.Build.0 = Debug|Any CPU
		{1B42C40B-31E5-46D5-8D74-6039B332A631}.Release|Any CPU.ActiveCfg = Release|Any CPU
		{1B42C40B-31E5-46D5-8D74-6039B332A631}.Release|Any CPU.Build.0 = Release|Any CPU
		{1B42C40B-31E5-46D5-8D74-6039B332A631}.Release|x64.ActiveCfg = Release|Any CPU
		{1B42C40B-31E5-46D5-8D74-6039B332A631}.Release|x64.Build.0 = Release|Any CPU
		{1B42C40B-31E5-46D5-8D74-6039B332A631}.Release|x86.ActiveCfg = Release|Any CPU
		{1B42C40B-31E5-46D5-8D74-6039B332A631}.Release|x86.Build.0 = Release|Any CPU
		{C24EA376-DF13-43CE-9631-DE08BCB492B9}.Debug|Any CPU.ActiveCfg = Debug|Any CPU
		{C24EA376-DF13-43CE-9631-DE08BCB492B9}.Debug|Any CPU.Build.0 = Debug|Any CPU
		{C24EA376-DF13-43CE-9631-DE08BCB492B9}.Debug|x64.ActiveCfg = Debug|Any CPU
		{C24EA376-DF13-43CE-9631-DE08BCB492B9}.Debug|x64.Build.0 = Debug|Any CPU
		{C24EA376-DF13-43CE-9631-DE08BCB492B9}.Debug|x86.ActiveCfg = Debug|Any CPU
		{C24EA376-DF13-43CE-9631-DE08BCB492B9}.Debug|x86.Build.0 = Debug|Any CPU
		{C24EA376-DF13-43CE-9631-DE08BCB492B9}.Release|Any CPU.ActiveCfg = Release|Any CPU
		{C24EA376-DF13-43CE-9631-DE08BCB492B9}.Release|Any CPU.Build.0 = Release|Any CPU
		{C24EA376-DF13-43CE-9631-DE08BCB492B9}.Release|x64.ActiveCfg = Release|Any CPU
		{C24EA376-DF13-43CE-9631-DE08BCB492B9}.Release|x64.Build.0 = Release|Any CPU
		{C24EA376-DF13-43CE-9631-DE08BCB492B9}.Release|x86.ActiveCfg = Release|Any CPU
		{C24EA376-DF13-43CE-9631-DE08BCB492B9}.Release|x86.Build.0 = Release|Any CPU
		{B2562684-15FE-4D62-9EEB-E25E0CC249CC}.Debug|Any CPU.ActiveCfg = Debug|Any CPU
		{B2562684-15FE-4D62-9EEB-E25E0CC249CC}.Debug|Any CPU.Build.0 = Debug|Any CPU
		{B2562684-15FE-4D62-9EEB-E25E0CC249CC}.Debug|x64.ActiveCfg = Debug|Any CPU
		{B2562684-15FE-4D62-9EEB-E25E0CC249CC}.Debug|x64.Build.0 = Debug|Any CPU
		{B2562684-15FE-4D62-9EEB-E25E0CC249CC}.Debug|x86.ActiveCfg = Debug|Any CPU
		{B2562684-15FE-4D62-9EEB-E25E0CC249CC}.Debug|x86.Build.0 = Debug|Any CPU
		{B2562684-15FE-4D62-9EEB-E25E0CC249CC}.Release|Any CPU.ActiveCfg = Release|Any CPU
		{B2562684-15FE-4D62-9EEB-E25E0CC249CC}.Release|Any CPU.Build.0 = Release|Any CPU
		{B2562684-15FE-4D62-9EEB-E25E0CC249CC}.Release|x64.ActiveCfg = Release|Any CPU
		{B2562684-15FE-4D62-9EEB-E25E0CC249CC}.Release|x64.Build.0 = Release|Any CPU
		{B2562684-15FE-4D62-9EEB-E25E0CC249CC}.Release|x86.ActiveCfg = Release|Any CPU
		{B2562684-15FE-4D62-9EEB-E25E0CC249CC}.Release|x86.Build.0 = Release|Any CPU
		{DEB3CE30-5626-4917-8FD8-9B5574EE6739}.Debug|Any CPU.ActiveCfg = Debug|Any CPU
		{DEB3CE30-5626-4917-8FD8-9B5574EE6739}.Debug|Any CPU.Build.0 = Debug|Any CPU
		{DEB3CE30-5626-4917-8FD8-9B5574EE6739}.Debug|x64.ActiveCfg = Debug|Any CPU
		{DEB3CE30-5626-4917-8FD8-9B5574EE6739}.Debug|x64.Build.0 = Debug|Any CPU
		{DEB3CE30-5626-4917-8FD8-9B5574EE6739}.Debug|x86.ActiveCfg = Debug|Any CPU
		{DEB3CE30-5626-4917-8FD8-9B5574EE6739}.Debug|x86.Build.0 = Debug|Any CPU
		{DEB3CE30-5626-4917-8FD8-9B5574EE6739}.Release|Any CPU.ActiveCfg = Release|Any CPU
		{DEB3CE30-5626-4917-8FD8-9B5574EE6739}.Release|Any CPU.Build.0 = Release|Any CPU
		{DEB3CE30-5626-4917-8FD8-9B5574EE6739}.Release|x64.ActiveCfg = Release|Any CPU
		{DEB3CE30-5626-4917-8FD8-9B5574EE6739}.Release|x64.Build.0 = Release|Any CPU
		{DEB3CE30-5626-4917-8FD8-9B5574EE6739}.Release|x86.ActiveCfg = Release|Any CPU
		{DEB3CE30-5626-4917-8FD8-9B5574EE6739}.Release|x86.Build.0 = Release|Any CPU
		{40A7A84E-C1F1-4C70-9662-87880E5AC593}.Debug|Any CPU.ActiveCfg = Debug|Any CPU
		{40A7A84E-C1F1-4C70-9662-87880E5AC593}.Debug|Any CPU.Build.0 = Debug|Any CPU
		{40A7A84E-C1F1-4C70-9662-87880E5AC593}.Debug|x64.ActiveCfg = Debug|Any CPU
		{40A7A84E-C1F1-4C70-9662-87880E5AC593}.Debug|x64.Build.0 = Debug|Any CPU
		{40A7A84E-C1F1-4C70-9662-87880E5AC593}.Debug|x86.ActiveCfg = Debug|Any CPU
		{40A7A84E-C1F1-4C70-9662-87880E5AC593}.Debug|x86.Build.0 = Debug|Any CPU
		{40A7A84E-C1F1-4C70-9662-87880E5AC593}.Release|Any CPU.ActiveCfg = Release|Any CPU
		{40A7A84E-C1F1-4C70-9662-87880E5AC593}.Release|Any CPU.Build.0 = Release|Any CPU
		{40A7A84E-C1F1-4C70-9662-87880E5AC593}.Release|x64.ActiveCfg = Release|Any CPU
		{40A7A84E-C1F1-4C70-9662-87880E5AC593}.Release|x64.Build.0 = Release|Any CPU
		{40A7A84E-C1F1-4C70-9662-87880E5AC593}.Release|x86.ActiveCfg = Release|Any CPU
		{40A7A84E-C1F1-4C70-9662-87880E5AC593}.Release|x86.Build.0 = Release|Any CPU
		{A9E0B1A8-268C-4059-9B15-58744D867BF5}.Debug|Any CPU.ActiveCfg = Debug|Any CPU
		{A9E0B1A8-268C-4059-9B15-58744D867BF5}.Debug|Any CPU.Build.0 = Debug|Any CPU
		{A9E0B1A8-268C-4059-9B15-58744D867BF5}.Debug|x64.ActiveCfg = Debug|Any CPU
		{A9E0B1A8-268C-4059-9B15-58744D867BF5}.Debug|x64.Build.0 = Debug|Any CPU
		{A9E0B1A8-268C-4059-9B15-58744D867BF5}.Debug|x86.ActiveCfg = Debug|Any CPU
		{A9E0B1A8-268C-4059-9B15-58744D867BF5}.Debug|x86.Build.0 = Debug|Any CPU
		{A9E0B1A8-268C-4059-9B15-58744D867BF5}.Release|Any CPU.ActiveCfg = Release|Any CPU
		{A9E0B1A8-268C-4059-9B15-58744D867BF5}.Release|Any CPU.Build.0 = Release|Any CPU
		{A9E0B1A8-268C-4059-9B15-58744D867BF5}.Release|x64.ActiveCfg = Release|Any CPU
		{A9E0B1A8-268C-4059-9B15-58744D867BF5}.Release|x64.Build.0 = Release|Any CPU
		{A9E0B1A8-268C-4059-9B15-58744D867BF5}.Release|x86.ActiveCfg = Release|Any CPU
		{A9E0B1A8-268C-4059-9B15-58744D867BF5}.Release|x86.Build.0 = Release|Any CPU
		{E75333CD-A531-4000-9F48-E7F56CD561AE}.Debug|Any CPU.ActiveCfg = Debug|Any CPU
		{E75333CD-A531-4000-9F48-E7F56CD561AE}.Debug|Any CPU.Build.0 = Debug|Any CPU
		{E75333CD-A531-4000-9F48-E7F56CD561AE}.Debug|x64.ActiveCfg = Debug|Any CPU
		{E75333CD-A531-4000-9F48-E7F56CD561AE}.Debug|x64.Build.0 = Debug|Any CPU
		{E75333CD-A531-4000-9F48-E7F56CD561AE}.Debug|x86.ActiveCfg = Debug|Any CPU
		{E75333CD-A531-4000-9F48-E7F56CD561AE}.Debug|x86.Build.0 = Debug|Any CPU
		{E75333CD-A531-4000-9F48-E7F56CD561AE}.Release|Any CPU.ActiveCfg = Release|Any CPU
		{E75333CD-A531-4000-9F48-E7F56CD561AE}.Release|Any CPU.Build.0 = Release|Any CPU
		{E75333CD-A531-4000-9F48-E7F56CD561AE}.Release|x64.ActiveCfg = Release|Any CPU
		{E75333CD-A531-4000-9F48-E7F56CD561AE}.Release|x64.Build.0 = Release|Any CPU
		{E75333CD-A531-4000-9F48-E7F56CD561AE}.Release|x86.ActiveCfg = Release|Any CPU
		{E75333CD-A531-4000-9F48-E7F56CD561AE}.Release|x86.Build.0 = Release|Any CPU
		{34C436CC-1E47-4C7C-8944-FD9B581B0711}.Debug|Any CPU.ActiveCfg = Debug|Any CPU
		{34C436CC-1E47-4C7C-8944-FD9B581B0711}.Debug|Any CPU.Build.0 = Debug|Any CPU
		{34C436CC-1E47-4C7C-8944-FD9B581B0711}.Debug|x64.ActiveCfg = Debug|Any CPU
		{34C436CC-1E47-4C7C-8944-FD9B581B0711}.Debug|x64.Build.0 = Debug|Any CPU
		{34C436CC-1E47-4C7C-8944-FD9B581B0711}.Debug|x86.ActiveCfg = Debug|Any CPU
		{34C436CC-1E47-4C7C-8944-FD9B581B0711}.Debug|x86.Build.0 = Debug|Any CPU
		{34C436CC-1E47-4C7C-8944-FD9B581B0711}.Release|Any CPU.ActiveCfg = Release|Any CPU
		{34C436CC-1E47-4C7C-8944-FD9B581B0711}.Release|Any CPU.Build.0 = Release|Any CPU
		{34C436CC-1E47-4C7C-8944-FD9B581B0711}.Release|x64.ActiveCfg = Release|Any CPU
		{34C436CC-1E47-4C7C-8944-FD9B581B0711}.Release|x64.Build.0 = Release|Any CPU
		{34C436CC-1E47-4C7C-8944-FD9B581B0711}.Release|x86.ActiveCfg = Release|Any CPU
		{34C436CC-1E47-4C7C-8944-FD9B581B0711}.Release|x86.Build.0 = Release|Any CPU
	EndGlobalSection
	GlobalSection(SolutionProperties) = preSolution
		HideSolutionNode = FALSE
	EndGlobalSection
	GlobalSection(NestedProjects) = preSolution
		{4925790A-CC55-4C31-8455-CFC50C0ECFA1} = {BA594148-0C60-4625-8C8B-5165FA4BC596}
		{E1F84AC8-DBDA-40DF-8249-69CC44338074} = {BA594148-0C60-4625-8C8B-5165FA4BC596}
		{F7543722-1588-4D60-9081-03455745B014} = {BA594148-0C60-4625-8C8B-5165FA4BC596}
		{DC6A998D-FBE8-4F06-A9B5-B9DA3AD1211C} = {00F1A0AB-F2FC-42B6-9DFE-2AF08BC94E09}
		{04ECDD8E-46D9-42D9-BE5C-B6CC54E67B45} = {BA594148-0C60-4625-8C8B-5165FA4BC596}
		{6615B044-A5F6-4105-926F-E453897CAFFD} = {6EF72608-15C1-4443-9E60-30363D8ECE6B}
		{0052C761-941E-4141-9E7C-D7685B387221} = {00F1A0AB-F2FC-42B6-9DFE-2AF08BC94E09}
		{69BF92A2-DC6D-4F22-9B7B-06C186699CD1} = {D362FBD5-C0D1-469E-8DB8-A3AD6A06E112}
		{63B7AFF3-F0C6-480A-96AF-30C26CF24E33} = {CF302C80-509C-4F4D-A8AC-8A814A5B8E00}
		{6A3D4396-3B14-46BB-AAB5-830BC351271B} = {D362FBD5-C0D1-469E-8DB8-A3AD6A06E112}
		{1399346F-BEE7-4F8A-AA4C-1031EEBFDABB} = {BA594148-0C60-4625-8C8B-5165FA4BC596}
		{39E79B0C-B727-41DE-928F-28ECFBCEFA42} = {D362FBD5-C0D1-469E-8DB8-A3AD6A06E112}
		{21E84486-D0D2-4779-BD31-EB5660619D75} = {00F1A0AB-F2FC-42B6-9DFE-2AF08BC94E09}
		{566C878A-B88D-4950-89EC-E28EC30C0F2C} = {6EF72608-15C1-4443-9E60-30363D8ECE6B}
		{1449653D-3A1F-4D89-BC0E-242AC2817A57} = {6EF72608-15C1-4443-9E60-30363D8ECE6B}
		{35D6B85B-7EFB-4661-8558-E610B300BF4E} = {6EF72608-15C1-4443-9E60-30363D8ECE6B}
		{1B42C40B-31E5-46D5-8D74-6039B332A631} = {4662F816-C6F3-480C-AF97-B74ED603387A}
		{C24EA376-DF13-43CE-9631-DE08BCB492B9} = {4662F816-C6F3-480C-AF97-B74ED603387A}
		{B2562684-15FE-4D62-9EEB-E25E0CC249CC} = {4662F816-C6F3-480C-AF97-B74ED603387A}
		{DEB3CE30-5626-4917-8FD8-9B5574EE6739} = {4662F816-C6F3-480C-AF97-B74ED603387A}
		{40A7A84E-C1F1-4C70-9662-87880E5AC593} = {00F1A0AB-F2FC-42B6-9DFE-2AF08BC94E09}
		{A9E0B1A8-268C-4059-9B15-58744D867BF5} = {56A1F804-56FD-42CA-8261-96607555EC9E}
		{E75333CD-A531-4000-9F48-E7F56CD561AE} = {56A1F804-56FD-42CA-8261-96607555EC9E}
		{34C436CC-1E47-4C7C-8944-FD9B581B0711} = {56A1F804-56FD-42CA-8261-96607555EC9E}
	EndGlobalSection
	GlobalSection(ExtensibilityGlobals) = postSolution
		SolutionGuid = {B6E4E3B8-D467-4592-8AF9-AB8E1C5F1F9A}
	EndGlobalSection
EndGlobal
